schema: '2.0'
stages:
  schema:
    cmd: python -m boilercv.stages.schema
    deps:
    - path: src/boilercv/models/paths.py
      md5: 1fb691e416d85285b69bdeed1f0199c3
      size: 5010
    - path: src/boilercv/stages/schema.py
      md5: 6eaac97ab24e94f410ccff1517f42d0e
      size: 641
    outs:
    - path: data/schema
      md5: 27d4da10420e152d39b1c80f7d5a1403.dir
      size: 7966
      nfiles: 1
  update_binarized_preview:
    cmd: python -m boilercv.stages.update_binarized_preview
    deps:
    - path: data/rois
      md5: 1300e5dce1774bdc91feb6365369c7d8.dir
      size: 186726548
      nfiles: 308
    - path: data/sources
      md5: a409ab9bcababc1baaea4dc53e312bda.dir
      size: 7424602696
      nfiles: 308
    - path: src/boilercv/stages/update_binarized_preview.py
      md5: 186799fb6a90ec27a63cb274e05eca54
      size: 1153
    outs:
    - path: data/previews/binarized.nc
      md5: 5598ee8b69f8591e2035194a9054f2c3
      size: 147879321
  preview_binarized:
    cmd: pwsh -Command "./Invoke-Uv.ps1 boilercv-pipeline stage preview-binarized
      --scale 1.3 --marker-scale 20.0 --precision 3 --display-rows 12"
    deps:
    - path: data/rois
      hash: md5
      md5: e47325f1e13a630c356426538a3b8759.dir
      size: 205435895
      nfiles: 337
    - path: data/sources
      hash: md5
      md5: c2ba0be71deda61b9c6beca3aa7725c3.dir
      size: 7512414707
      nfiles: 336
    - path: packages/pipeline/boilercv_pipeline/stages/preview_binarized
      hash: md5
      md5: bf8616c0294ceaf7081defe8347ffb7b.dir
      size: 2201
      nfiles: 2
    params:
      params.yaml:
        display_rows: 12
        marker_scale: 20.0
        precision: 3
        scale: 1.3
    outs:
    - path: data/previews/binarized_preview.nc
      hash: md5
      md5: ea5080f6e0420727276d1a713a5591a8
      size: 3526688
  contours:
    cmd: python -m boilercv.stages.contours
    deps:
    - path: data/sources
      md5: a409ab9bcababc1baaea4dc53e312bda.dir
      size: 7424602696
      nfiles: 308
    - path: src/boilercv/stages/contours.py
      md5: 2104838a50deea4958e9fb8a4c330110
      size: 3041
    outs:
    - path: data/contours
      md5: d43be95333c9df0e76d570f8b11aada2.dir
      size: 4279876062
      nfiles: 308
  fill:
    cmd: pwsh -Command "./Invoke-Uv.ps1 boilercv-pipeline stage fill --scale 1.3 --marker-scale
      20.0 --precision 3 --display-rows 12"
    deps:
    - path: data/contours
      hash: md5
      md5: da949dd69775b9cdeb57c297dbef53c0.dir
      size: 4427447588
      nfiles: 337
    - path: data/rois
      hash: md5
      md5: e47325f1e13a630c356426538a3b8759.dir
      size: 205435895
      nfiles: 337
    - path: data/sources
      hash: md5
      md5: c2ba0be71deda61b9c6beca3aa7725c3.dir
      size: 7512414707
      nfiles: 336
    - path: packages/pipeline/boilercv_pipeline/stages/fill
      hash: md5
      md5: 69f7a48b8baa9168ae6dd6d4fc7e4814.dir
      size: 2654
      nfiles: 2
    params:
      params.yaml:
        display_rows: 12
        marker_scale: 20.0
        precision: 3
        scale: 1.3
    outs:
    - path: data/filled
      hash: md5
      md5: dd689eddfd2017e88d817ea549e22c2f.dir
      size: 3616770112
      nfiles: 337
  update_filled_preview:
    cmd: python -m boilercv.stages.update_filled_preview
    deps:
    - path: data/filled
      md5: 9d9b406833ae3911940fd4d717bb20e1.dir
      size: 3482532424
      nfiles: 308
    - path: src/boilercv/stages/update_filled_preview.py
      md5: 2b467aa2304c045ab9acd4a3c429dd39
      size: 1273
    outs:
    - path: data/previews/filled.nc
      md5: 913c0dca978f8f3ff088adb765bf8029
      size: 147879321
  check_cv:
    cmd: python -m boilercv.stages.check_cv
    deps:
    - path: data/samples
      md5: 2039f3ac1b4df1e9059cfb4d74b8c1db.dir
      size: 22147287
      nfiles: 113
    - path: src/boilercv/stages/check_cv.py
      md5: fb029ebceb5076c48f032c9b2ae3da1e
      size: 97
  binarized_preview:
    cmd: python -m boilercv.stages.update_previews.binarized
    deps:
    - path: data/rois
      md5: 1300e5dce1774bdc91feb6365369c7d8.dir
      size: 186726548
      nfiles: 308
    - path: data/sources
      md5: a409ab9bcababc1baaea4dc53e312bda.dir
      size: 7424602696
      nfiles: 308
    - path: src/boilercv/stages/update_previews/binarized.py
      md5: 0c528f648e4975729f1642c77e3ae15e
      size: 835
    outs:
    - path: data/previews/binarized.nc
      md5: a254f85beabe041bf6c4b0820024465d
      size: 3446443
  gray_preview:
    cmd: python -m boilercv.stages.update_previews.gray
    deps:
    - path: data/sources
      md5: a409ab9bcababc1baaea4dc53e312bda.dir
      size: 7424602696
      nfiles: 308
    - path: src/boilercv/stages/update_previews/gray.py
      md5: 089e35a18791e628d5bcd75e7fdca100
      size: 768
    outs:
    - path: data/previews/gray.nc
      md5: bca01dd9d72e5a7c25db766c5522652e
      size: 18686615
  filled_preview:
    cmd: python -m boilercv.stages.update_previews.filled
    deps:
    - path: data/filled
      md5: 9d9b406833ae3911940fd4d717bb20e1.dir
      size: 3482532424
      nfiles: 308
    - path: data/sources
      md5: a409ab9bcababc1baaea4dc53e312bda.dir
      size: 7424602696
      nfiles: 308
    - path: src/boilercv/stages/update_previews/filled.py
      md5: 879e5a5452d1e5ecc5dfaa79789f3840
      size: 767
    outs:
    - path: data/previews/filled.nc
      md5: f3596d4b5c08d8701b7630f1136c45aa
      size: 1661392
  unobstructed:
    cmd: python -m boilercv.stages.unobstructed
    deps:
    - path: data/contours
      md5: d43be95333c9df0e76d570f8b11aada2.dir
      size: 4279876062
      nfiles: 308
    - path: src/boilercv/stages/unobstructed.py
      md5: 1ac8ebbe39d30d3208f1357f45db0191
      size: 72
    outs:
    - path: data/unobstructed
      md5: d751713988987e9331980363e24189ce.dir
      size: 0
      nfiles: 0
  tracks:
    cmd: python -m boilercv.stages.tracks
    deps:
    - path: data/unobstructed
      md5: d751713988987e9331980363e24189ce.dir
      size: 0
      nfiles: 0
    - path: src/boilercv/stages/tracks.py
      md5: 62e86ce4b840b2f318431b628fd629b9
      size: 22
    outs:
    - path: data/tracks
      md5: d751713988987e9331980363e24189ce.dir
      size: 0
      nfiles: 0
  correlations:
    cmd: python -m boilercv.stages.correlations
    deps:
    - path: src/boilercv/stages/correlations.py
      md5: 6dc3104f27c37113ff04c12d4fa15a18
      size: 62
    outs:
    - path: data/correlations
      md5: d751713988987e9331980363e24189ce.dir
      size: 0
      nfiles: 0
  lifetimes:
    cmd: python -m boilercv.stages.lifetimes
    deps:
    - path: data/correlations
      md5: d751713988987e9331980363e24189ce.dir
      size: 0
      nfiles: 0
    - path: data/tracks
      md5: d751713988987e9331980363e24189ce.dir
      size: 0
      nfiles: 0
    - path: src/boilercv/stages/lifetimes.py
      md5: a0e078277617753ae38f0229ac783a1d
      size: 64
    outs:
    - path: data/lifetimes
      md5: d751713988987e9331980363e24189ce.dir
      size: 0
      nfiles: 0
  find_contours:
    cmd: pwsh -Command "./Invoke-Uv.ps1 boilercv-pipeline stage find-contours --scale
      1.3 --marker-scale 20.0 --precision 3 --display-rows 12"
    deps:
    - path: data/rois
      hash: md5
      md5: e47325f1e13a630c356426538a3b8759.dir
      size: 205435895
      nfiles: 337
    - path: data/sources
      hash: md5
      md5: c2ba0be71deda61b9c6beca3aa7725c3.dir
      size: 7512414707
      nfiles: 336
    - path: packages/pipeline/boilercv_pipeline/stages/find_contours
      hash: md5
      md5: f4e417222bdd605d20c8aad7a59ba068.dir
      size: 4342
      nfiles: 2
    params:
      params.yaml:
        display_rows: 12
        marker_scale: 20.0
        precision: 3
        scale: 1.3
    outs:
    - path: data/contours
      hash: md5
      md5: da949dd69775b9cdeb57c297dbef53c0.dir
      size: 4427447588
      nfiles: 337
  preview_filled:
    cmd: pwsh -Command "./Invoke-Uv.ps1 boilercv-pipeline stage preview-filled --scale
      1.3 --marker-scale 20.0 --precision 3 --display-rows 12"
    deps:
    - path: data/filled
      hash: md5
      md5: dd689eddfd2017e88d817ea549e22c2f.dir
      size: 3616770112
      nfiles: 337
    - path: data/rois
      hash: md5
      md5: e47325f1e13a630c356426538a3b8759.dir
      size: 205435895
      nfiles: 337
    - path: packages/pipeline/boilercv_pipeline/stages/preview_filled
      hash: md5
      md5: a8d3eea1c40332bfc0e3a940a0afb35f.dir
      size: 2105
      nfiles: 2
    params:
      params.yaml:
        display_rows: 12
        marker_scale: 20.0
        precision: 3
        scale: 1.3
    outs:
    - path: data/previews/filled_preview.nc
      hash: md5
      md5: e43b9ddb4ad1ad6a3a1603996604e599
      size: 1693748
  preview_gray:
    cmd: pwsh -Command "./Invoke-Uv.ps1 boilercv-pipeline stage preview-gray --scale
      1.3 --marker-scale 20.0 --precision 3 --display-rows 12"
    deps:
    - path: data/large_sources
      hash: md5
      md5: 658d0528ed596161c3a269f67587f41f.dir
      size: 30563612808
      nfiles: 17
    - path: packages/pipeline/boilercv_pipeline/stages/preview_gray
      hash: md5
      md5: 67638cee89d7a023ecafe53d50cad10c.dir
      size: 1913
      nfiles: 2
    params:
      params.yaml:
        display_rows: 12
        marker_scale: 20.0
        precision: 3
        scale: 1.3
    outs:
    - path: data/previews/gray_preview.nc
      hash: md5
      md5: 55ca0f81794bd1344fd688bcb78a4091
      size: 186409
  find_unobstructed:
    cmd: python pipeline/boilercv_pipeline/stages/find_unobstructed.py
    deps:
    - path: data/contours
      hash: md5
      md5: 580c3168f9cf0ab979bb776cc14341ac.dir
      size: 4429746285
      nfiles: 338
    - path: pipeline/boilercv_pipeline/stages/find_unobstructed.py
      hash: md5
      md5: 610f35980e37e6c97dd7bb78829ea518
      size: 259
    outs:
    - path: data/unobstructed
      hash: md5
      md5: d86b284d61c0341668c7594a76e10ec3.dir
      size: 0
      nfiles: 1
  find_tracks:
    cmd: pwsh -Command "./Invoke-Uv.ps1 boilercv-pipeline stage find-tracks --scale
      1.3 --marker-scale 20.0 --precision 3 --display-rows 12 --sample 2024-07-18T17-44-35
      --no-only-sample --frame-count 0 --frame-step 1"
    deps:
    - path: data/e230920/objects
      hash: md5
      md5: f9c5f805a353f89218d539ba54ea2cdd.dir
      size: 95045791
      nfiles: 16
    - path: data/e230920/thermal.h5
      hash: md5
      md5: 6545418d8d7ec32d649bf296623593ce
      size: 402343
    - path: data/filled
      hash: md5
      md5: dd689eddfd2017e88d817ea549e22c2f.dir
      size: 3616770112
      nfiles: 337
    - path: docs/notebooks/find_tracks.ipynb
      hash: md5
      md5: fa6a00c1354dcc6a79d512acc92770d4
      size: 31374
    - path: packages/pipeline/boilercv_pipeline/stages/find_tracks
      hash: md5
      md5: bb0358e5a3d2685cd67cb7c70e06c6c1.dir
      size: 10017
      nfiles: 2
    params:
      params.yaml:
        display_rows: 12
        frame_count: 0
        frame_step: 1
        marker_scale: 20.0
        only_sample: --no-only-sample
        precision: 3
        sample: 2024-07-18T17-44-35
        scale: 1.3
    outs:
    - path: data/e230920/tracks
      hash: md5
      md5: c768f12f62289220a3468b6539506e77.dir
      size: 1213708669
      nfiles: 16
    - path: data/e230920/tracks_plots/beta_2024-07-18T17-07-13.png
      hash: md5
      md5: ac09bdad28ab1df6e3b4810c137c541f
      size: 282089
    - path: data/e230920/tracks_plots/beta_2024-07-18T17-14-14.png
      hash: md5
      md5: 6767ed098a8b041f24eebcdaf5a6eb74
      size: 247536
    - path: data/e230920/tracks_plots/beta_2024-07-18T17-19-12.png
      hash: md5
      md5: 4a50dd68c5c3c3d4f904c22203f34155
      size: 230607
    - path: data/e230920/tracks_plots/beta_2024-07-18T17-28-16.png
      hash: md5
      md5: fa25f221c11c8374397fe9a4823e8159
      size: 221361
    - path: data/e230920/tracks_plots/beta_2024-07-18T17-33-19.png
      hash: md5
      md5: b1c435513ea9da724a12b853ebb4ed55
      size: 271655
    - path: data/e230920/tracks_plots/beta_2024-07-18T17-37-25.png
      hash: md5
      md5: 3cce7e6ef89dd417e892a100814bbf99
      size: 286399
    - path: data/e230920/tracks_plots/beta_2024-07-18T17-44-35.png
      hash: md5
      md5: ce5deebf34fb0c21078088c97fc18fc8
      size: 314028
    - path: data/e230920/tracks_plots/beta_2024-07-18T17-50-30.png
      hash: md5
      md5: e0b97b0fa602a1dd9854f22768a6d0c5
      size: 306191
    - path: data/e230920/tracks_plots/beta_2024-07-18T18-04-05.png
      hash: md5
      md5: 6f6a524fd3955f1203c1eb7ac7bf4da5
      size: 342980
    - path: data/e230920/tracks_plots/beta_2024-07-18T18-08-58.png
      hash: md5
      md5: c80712fd7223be275b3634d34a9f630b
      size: 378724
    - path: data/e230920/tracks_plots/beta_2024-07-18T18-15-26.png
      hash: md5
      md5: d8c281b438e8a21297a46a1280df7c7d
      size: 343706
    - path: data/e230920/tracks_plots/beta_2024-07-18T18-21-28.png
      hash: md5
      md5: 857b39c641a8b0cb71905bb83e392f5c
      size: 326212
    - path: data/e230920/tracks_plots/beta_2024-07-18T18-31-44.png
      hash: md5
      md5: 1abee8ea88a9ba45b119a4e900afd3a4
      size: 262022
    - path: data/e230920/tracks_plots/beta_2024-07-18T18-36-37.png
      hash: md5
      md5: 6a5a6dbc145843933a3b0030f21a03c4
      size: 259595
    - path: data/e230920/tracks_plots/beta_2024-07-18T18-40-58.png
      hash: md5
      md5: d7f7a4bf7413de1bbe32e3e81d61aebd
      size: 203322
    - path: data/e230920/tracks_plots/beta_2024-07-18T18-49-55.png
      hash: md5
      md5: cc2c7d3a3612f8590d8f2768575f94e4
      size: 214492
    - path: data/e230920/tracks_plots/beta_err_2024-07-18T17-07-13.png
      hash: md5
      md5: 4c0e4ab9650d2f04286a87aef57977b0
      size: 164926
    - path: data/e230920/tracks_plots/beta_err_2024-07-18T17-14-14.png
      hash: md5
      md5: 6b264557edfa9d5d8b105fbbd4d9783e
      size: 151745
    - path: data/e230920/tracks_plots/beta_err_2024-07-18T17-19-12.png
      hash: md5
      md5: f49aa3308a12b507b8539c3f6229a3e7
      size: 144093
    - path: data/e230920/tracks_plots/beta_err_2024-07-18T17-28-16.png
      hash: md5
      md5: b61749a4187e8e655568e3f80811ba6a
      size: 144096
    - path: data/e230920/tracks_plots/beta_err_2024-07-18T17-33-19.png
      hash: md5
      md5: b2d1e2b43ecc0978193b19a505bbd879
      size: 134603
    - path: data/e230920/tracks_plots/beta_err_2024-07-18T17-37-25.png
      hash: md5
      md5: 6712d704670a212d15b6d7baf72870be
      size: 169169
    - path: data/e230920/tracks_plots/beta_err_2024-07-18T17-44-35.png
      hash: md5
      md5: b8ae9575422da6c00908eb0fa0eeeb0d
      size: 156761
    - path: data/e230920/tracks_plots/beta_err_2024-07-18T17-50-30.png
      hash: md5
      md5: a8b8d826a857bdcc4e762465cd0c2a0f
      size: 186199
    - path: data/e230920/tracks_plots/beta_err_2024-07-18T18-04-05.png
      hash: md5
      md5: 0cc60e2f77b84fe72d60527044120bce
      size: 153116
    - path: data/e230920/tracks_plots/beta_err_2024-07-18T18-08-58.png
      hash: md5
      md5: 303f8391f7dc6400f5867d295e6d602b
      size: 172464
    - path: data/e230920/tracks_plots/beta_err_2024-07-18T18-15-26.png
      hash: md5
      md5: 26411818ddbd7ddc125bbe11a415c533
      size: 169925
    - path: data/e230920/tracks_plots/beta_err_2024-07-18T18-21-28.png
      hash: md5
      md5: 15fd54c62e9e0b3a58289e2578c1c230
      size: 164987
    - path: data/e230920/tracks_plots/beta_err_2024-07-18T18-31-44.png
      hash: md5
      md5: aa0909f813c5b1fbd12b166bce76dc21
      size: 150710
    - path: data/e230920/tracks_plots/beta_err_2024-07-18T18-36-37.png
      hash: md5
      md5: 739ebef5efb3c930a9e7118437c99a28
      size: 158140
    - path: data/e230920/tracks_plots/beta_err_2024-07-18T18-40-58.png
      hash: md5
      md5: ffdd2cbb0e7d17a0a8a4ec1f4c2a1bf5
      size: 154578
    - path: data/e230920/tracks_plots/beta_err_2024-07-18T18-49-55.png
      hash: md5
      md5: e3aee5190583453ece8ff723cc18be91
      size: 152806
    - path: data/e230920/tracks_plots/bubbles_2024-07-18T17-07-13.png
      hash: md5
      md5: b754420dfdfb0383fe6c7627adcfa9a9
      size: 115531
    - path: data/e230920/tracks_plots/bubbles_2024-07-18T17-14-14.png
      hash: md5
      md5: e05ff31cbc6bd22b5c77a98af4d9ac4d
      size: 100585
    - path: data/e230920/tracks_plots/bubbles_2024-07-18T17-19-12.png
      hash: md5
      md5: 3ec71075e00eb3283677c813ba1f7026
      size: 93353
    - path: data/e230920/tracks_plots/bubbles_2024-07-18T17-28-16.png
      hash: md5
      md5: bd8bac813eb765ca5d248dd00cf00484
      size: 84481
    - path: data/e230920/tracks_plots/bubbles_2024-07-18T17-33-19.png
      hash: md5
      md5: 4139b11abbc81ace3ca3ee590c767c6b
      size: 105068
    - path: data/e230920/tracks_plots/bubbles_2024-07-18T17-37-25.png
      hash: md5
      md5: 3d96248aaf36a649bd8f57c44e67b684
      size: 120219
    - path: data/e230920/tracks_plots/bubbles_2024-07-18T17-44-35.png
      hash: md5
      md5: c569a47bc3f40c4190b97cc3978608fa
      size: 137190
    - path: data/e230920/tracks_plots/bubbles_2024-07-18T17-50-30.png
      hash: md5
      md5: e250fde9301ba1d621fa7eaa344e2910
      size: 140136
    - path: data/e230920/tracks_plots/bubbles_2024-07-18T18-04-05.png
      hash: md5
      md5: d7e77a8671cb0dfdf67adcb4d972d933
      size: 181452
    - path: data/e230920/tracks_plots/bubbles_2024-07-18T18-08-58.png
      hash: md5
      md5: 36520deb7687cc382743e32740fff74f
      size: 162360
    - path: data/e230920/tracks_plots/bubbles_2024-07-18T18-15-26.png
      hash: md5
      md5: 933750c5facd9a5134f1f1a064705be6
      size: 181469
    - path: data/e230920/tracks_plots/bubbles_2024-07-18T18-21-28.png
      hash: md5
      md5: 894905e2fae447906ac4d2fa3e6bcc53
      size: 160306
    - path: data/e230920/tracks_plots/bubbles_2024-07-18T18-31-44.png
      hash: md5
      md5: 75390e8cd34cabbac45bf3c3c8fbc90e
      size: 198723
    - path: data/e230920/tracks_plots/bubbles_2024-07-18T18-36-37.png
      hash: md5
      md5: 62864c61f0c944b1626f2043906d5442
      size: 186725
    - path: data/e230920/tracks_plots/bubbles_2024-07-18T18-40-58.png
      hash: md5
      md5: 432cb622c8a32a3c7d6237244ea61eb5
      size: 193357
    - path: data/e230920/tracks_plots/bubbles_2024-07-18T18-49-55.png
      hash: md5
      md5: 1da38152ed9b619c3be955ee98779fe2
      size: 196269
    - path: data/e230920/tracks_plots/mae_2024-07-18T17-07-13.png
      hash: md5
      md5: 31a3ff16f97163ae2240ebe6c79e5ea7
      size: 94937
    - path: data/e230920/tracks_plots/mae_2024-07-18T17-14-14.png
      hash: md5
      md5: 36ff06dbb19adbfb939c8d27d8a471b3
      size: 72492
    - path: data/e230920/tracks_plots/mae_2024-07-18T17-19-12.png
      hash: md5
      md5: 85ea36a699088f51d94bde4afe8ca925
      size: 68833
    - path: data/e230920/tracks_plots/mae_2024-07-18T17-28-16.png
      hash: md5
      md5: f26c59770ded407e5ce7b025f4a62099
      size: 70075
    - path: data/e230920/tracks_plots/mae_2024-07-18T17-33-19.png
      hash: md5
      md5: 7c3981e88436838805e770d5ca05fcc2
      size: 80488
    - path: data/e230920/tracks_plots/mae_2024-07-18T17-37-25.png
      hash: md5
      md5: 8125b17d3a94353509890f8043b6198e
      size: 107183
    - path: data/e230920/tracks_plots/mae_2024-07-18T17-44-35.png
      hash: md5
      md5: 1e699a6cdf99934037c6f4ac33d3d6e7
      size: 118348
    - path: data/e230920/tracks_plots/mae_2024-07-18T17-50-30.png
      hash: md5
      md5: d3fde296ebd8b45fa76d08b149cc907a
      size: 123644
    - path: data/e230920/tracks_plots/mae_2024-07-18T18-04-05.png
      hash: md5
      md5: 812e260aefab70d9a95f5020221f3cf9
      size: 136196
    - path: data/e230920/tracks_plots/mae_2024-07-18T18-08-58.png
      hash: md5
      md5: b30df72433c822485302708f559db098
      size: 132825
    - path: data/e230920/tracks_plots/mae_2024-07-18T18-15-26.png
      hash: md5
      md5: 6b2299d0a165d867f904e983adef2d53
      size: 135793
    - path: data/e230920/tracks_plots/mae_2024-07-18T18-21-28.png
      hash: md5
      md5: 6f691cf5c63f899788dcde116e7ab09b
      size: 114150
    - path: data/e230920/tracks_plots/mae_2024-07-18T18-31-44.png
      hash: md5
      md5: a33ea5a2ce49ebd693bfe6e5e0392da2
      size: 105243
    - path: data/e230920/tracks_plots/mae_2024-07-18T18-36-37.png
      hash: md5
      md5: 988f2ad3589992f84454e9d0ac5df3ae
      size: 85060
    - path: data/e230920/tracks_plots/mae_2024-07-18T18-40-58.png
      hash: md5
      md5: d6037d34943d0e82be5a43f004dec750
      size: 81196
    - path: data/e230920/tracks_plots/mae_2024-07-18T18-49-55.png
      hash: md5
      md5: c0b71936bec05b1aeaa43c269cf65665
      size: 55680
    - path: data/e230920/tracks_plots/multi_2024-07-18T17-07-13.png
      hash: md5
      md5: dfdb6007449f4d17348b7ec7ac13a998
      size: 120147
    - path: data/e230920/tracks_plots/multi_2024-07-18T17-14-14.png
      hash: md5
      md5: 67e8fb7a9676a1750667c43070e72e5c
      size: 109804
    - path: data/e230920/tracks_plots/multi_2024-07-18T17-19-12.png
      hash: md5
      md5: 3efa85942d05d93bf70d0f635795ceb5
      size: 107292
    - path: data/e230920/tracks_plots/multi_2024-07-18T17-28-16.png
      hash: md5
      md5: cabc952991f86750887644b7e9969107
      size: 106581
    - path: data/e230920/tracks_plots/multi_2024-07-18T17-33-19.png
      hash: md5
      md5: 08bcde473976460a224ecda44fcde623
      size: 109490
    - path: data/e230920/tracks_plots/multi_2024-07-18T17-37-25.png
      hash: md5
      md5: 02fe8baaec7fc6b329ed38d5ef062edd
      size: 128203
    - path: data/e230920/tracks_plots/multi_2024-07-18T17-44-35.png
      hash: md5
      md5: 4b212d30cb618b6d1745cd7a9aeb19d8
      size: 139148
    - path: data/e230920/tracks_plots/multi_2024-07-18T17-50-30.png
      hash: md5
      md5: 7c949073f7d46512c62ea6fb72aead29
      size: 149153
    - path: data/e230920/tracks_plots/multi_2024-07-18T18-04-05.png
      hash: md5
      md5: 16e7f79aae4c1fcfac7fc5e1ed88a6bd
      size: 152063
    - path: data/e230920/tracks_plots/multi_2024-07-18T18-08-58.png
      hash: md5
      md5: dcc71304c3ba17f1740c11031434dcf1
      size: 144378
    - path: data/e230920/tracks_plots/multi_2024-07-18T18-15-26.png
      hash: md5
      md5: ac91e80136d2a763da78eef1c356bd06
      size: 152245
    - path: data/e230920/tracks_plots/multi_2024-07-18T18-21-28.png
      hash: md5
      md5: abb433cef1ec7ae1594060f038550857
      size: 153163
    - path: data/e230920/tracks_plots/multi_2024-07-18T18-31-44.png
      hash: md5
      md5: e1b5fa1207c5c411817caaee08a4534d
      size: 160851
    - path: data/e230920/tracks_plots/multi_2024-07-18T18-36-37.png
      hash: md5
      md5: eb41b6bb5835b7532063a351846d7795
      size: 127285
    - path: data/e230920/tracks_plots/multi_2024-07-18T18-40-58.png
      hash: md5
      md5: 024c91eca69ba9ba3704ee625649d6ae
      size: 102731
    - path: data/e230920/tracks_plots/multi_2024-07-18T18-49-55.png
      hash: md5
      md5: facbbd4ffc012026f8201e7a68f50fc5
      size: 144275
    - path: data/e230920/tracks_plots/nusselt_err_2024-07-18T17-07-13.png
      hash: md5
      md5: 1234d6292c71b5c6e701d48a0aa46cce
      size: 147079
    - path: data/e230920/tracks_plots/nusselt_err_2024-07-18T17-14-14.png
      hash: md5
      md5: fa13fd300debb110ccf87b54bf1360d6
      size: 142757
    - path: data/e230920/tracks_plots/nusselt_err_2024-07-18T17-19-12.png
      hash: md5
      md5: 7e3e4ef5a66f475f5b044567893393a6
      size: 153380
    - path: data/e230920/tracks_plots/nusselt_err_2024-07-18T17-28-16.png
      hash: md5
      md5: 8eb1a8db7822cd827b6b96bc5f651ef3
      size: 132116
    - path: data/e230920/tracks_plots/nusselt_err_2024-07-18T17-33-19.png
      hash: md5
      md5: 1eaf717cd3785f45e9845575f2152c4b
      size: 141200
    - path: data/e230920/tracks_plots/nusselt_err_2024-07-18T17-37-25.png
      hash: md5
      md5: 92902999176bc2339287ba4f96687f26
      size: 163801
    - path: data/e230920/tracks_plots/nusselt_err_2024-07-18T17-44-35.png
      hash: md5
      md5: d134acd79ce3f1cee14f2d9a58a59022
      size: 160730
    - path: data/e230920/tracks_plots/nusselt_err_2024-07-18T17-50-30.png
      hash: md5
      md5: cc54c794175e8e4ad0087ba4cdef4355
      size: 168897
    - path: data/e230920/tracks_plots/nusselt_err_2024-07-18T18-04-05.png
      hash: md5
      md5: 8308087e1ee4ca1580a083fa0be5c617
      size: 185301
    - path: data/e230920/tracks_plots/nusselt_err_2024-07-18T18-08-58.png
      hash: md5
      md5: 83687d7e47b66b109c48bc716fc25036
      size: 171289
    - path: data/e230920/tracks_plots/nusselt_err_2024-07-18T18-15-26.png
      hash: md5
      md5: 93a423ce7953e92408f1aa6e6f391d18
      size: 193012
    - path: data/e230920/tracks_plots/nusselt_err_2024-07-18T18-21-28.png
      hash: md5
      md5: e0d94bde11702acbaff7af4a9148421c
      size: 169547
    - path: data/e230920/tracks_plots/nusselt_err_2024-07-18T18-31-44.png
      hash: md5
      md5: c9bb435d17f9e16fc7e81ce1405cca21
      size: 166857
    - path: data/e230920/tracks_plots/nusselt_err_2024-07-18T18-36-37.png
      hash: md5
      md5: f8a745ddf0b244c7fadaf54d4ff9fd87
      size: 149795
    - path: data/e230920/tracks_plots/nusselt_err_2024-07-18T18-40-58.png
      hash: md5
      md5: 2da84db5aaa4309a47b7821538ccecbc
      size: 165608
    - path: data/e230920/tracks_plots/nusselt_err_2024-07-18T18-49-55.png
      hash: md5
      md5: bcb037601315633485e0c4e335de1b6f
      size: 153448
  compare_theory:
    cmd: python pipeline/boilercv_pipeline/stages/compare_theory.py
    deps:
    - path: data/tracks
      hash: md5
      md5: 3224c01679660267629b93a0a66c9d22.dir
      size: 0
      nfiles: 1
    - path: pipeline/boilercv_pipeline/stages/compare_theory.py
      hash: md5
      md5: 73831a23237722b5dddc5a9138749085
      size: 242
    outs:
    - path: data/lifetimes
      hash: md5
      md5: 6829db6b84ef3bde25e2085ed7be0a4e.dir
      size: 0
      nfiles: 1
  temp:
    cmd: echo hello
  build_docs:
    cmd: python src/boilercv/stages/build_docs.py
    deps:
    - path: .tools/scripts/Build-Docs.ps1
      hash: md5
      md5: b5b385bb299a24f9854e97b3b30fb34b
      size: 1887
    - path: data/docs
      hash: md5
      md5: 4a70076a208c39bf16e99e7539f7c2e4.dir
      size: 2903782
      nfiles: 8
    - path: src/boilercv/stages/build_docs.py
      hash: md5
      md5: cd9cb49e5a73126576ab897d03a05a08
      size: 761
  clear_docx:
    cmd: "pwsh -Command \"New-Item data/docx -ItemType Directory\"\n"
    outs:
    - path: data/docx
      hash: md5
      md5: d751713988987e9331980363e24189ce.dir
      size: 0
      nfiles: 0
  generate_reports:
    cmd: python src/boilercv/stages/generate_reports.py
    deps:
    - path: data/notebooks
      hash: md5
      md5: c02692b003dfa130fce1b9fc88a4b51a.dir
      size: 2840942
      nfiles: 11
  generate_experiment_docs:
    cmd: python src/boilercv/stages/generate_experiment_docs.py
    deps:
    - path: src/boilercv/stages/experiments
      hash: md5
      md5: a6b74e4a0cf19c633775199ea9fc2398.dir
      size: 10710
      nfiles: 7
  binarize:
    cmd: pwsh -Command "./Invoke-Uv.ps1 boilercv-pipeline stage binarize --scale 1.3
      --marker-scale 20.0 --precision 3 --display-rows 12"
    deps:
    - path: data/large_sources
      hash: md5
      md5: 658d0528ed596161c3a269f67587f41f.dir
      size: 30563612808
      nfiles: 17
    - path: packages/pipeline/boilercv_pipeline/stages/binarize
      hash: md5
      md5: 64871657d69f0bb21d960035804a5864.dir
      size: 2403
      nfiles: 2
    params:
      params.yaml:
        display_rows: 12
        marker_scale: 20.0
        precision: 3
        scale: 1.3
    outs:
    - path: data/rois
      hash: md5
      md5: e47325f1e13a630c356426538a3b8759.dir
      size: 205435895
      nfiles: 337
    - path: data/sources
      hash: md5
      md5: c2ba0be71deda61b9c6beca3aa7725c3.dir
      size: 7512414707
      nfiles: 336
  convert:
    cmd: pwsh -Command "./Invoke-Uv.ps1 boilercv-pipeline stage convert --scale 1.3
      --marker-scale 20.0 --precision 3 --display-rows 12"
    deps:
    - path: data/cines
      hash: md5
      md5: e4d560c3ffae8d28dae3c8ddedbb3c18.dir
      size: 34034068416
      nfiles: 16
    - path: packages/pipeline/boilercv_pipeline/stages/convert
      hash: md5
      md5: 99214c98baf7a19f9b22fc664a568069.dir
      size: 2269
      nfiles: 2
    params:
      params.yaml:
        display_rows: 12
        marker_scale: 20.0
        precision: 3
        scale: 1.3
    outs:
    - path: data/large_sources
      hash: md5
      md5: 658d0528ed596161c3a269f67587f41f.dir
      size: 30563612808
      nfiles: 17
  flatten_data_dir:
    cmd: boilercv_pipeline stages flatten-data-dir
    deps:
    - path: data/hierarchical_data
      hash: md5
      md5: 6ffbaaad7b4ac6e1afabed19a80b2560.dir
      size: 0
      nfiles: 1
  e230920_update_thermal_data:
    cmd: boilercv-pipeline stage e230920-update-thermal-data
    deps:
    - path: data/e230920/thermal_raw.csv
      hash: md5
      md5: d41d8cd98f00b204e9800998ecf8427e
      size: 0
    - path: docs/notebooks/e230920_get_thermal_data.ipynb
      hash: md5
      md5: 7d031f1ec18637fdedbe55103bac75dd
      size: 3996
    - path: pipeline/boilercv_pipeline/stages/e230920_get_thermal_data
      hash: md5
      md5: 9b61c0cbab32b545d62fbe3e15a8c069.dir
      size: 1515
      nfiles: 2
    outs:
    - path: data/e230920/thermal.h5
      hash: md5
      md5: d41d8cd98f00b204e9800998ecf8427e
      size: 0
  e230920_find_contours:
    cmd: boilercv-pipeline stage e230920-find-contours
    deps:
    - path: data/contours
      hash: md5
      md5: 580c3168f9cf0ab979bb776cc14341ac.dir
      size: 4429746285
      nfiles: 338
    - path: pipeline/boilercv_pipeline/stages/e230920_find_contours
      hash: md5
      md5: ae40fd982c8dd4b588e94dbb6bf3bbda.dir
      size: 1760
      nfiles: 2
    outs:
    - path: data/e230920/contours
      hash: md5
      md5: 3a2ee8e6557ddaf6863fb775e9d6e96d.dir
      size: 4952829
      nfiles: 1
  e230920_find_objects:
    cmd: boilercv-pipeline stage e230920-find-objects
    deps:
    - path: data/e230920/contours
      hash: md5
      md5: 3a2ee8e6557ddaf6863fb775e9d6e96d.dir
      size: 4952829
      nfiles: 1
    - path: docs/notebooks/e230920_find_objects.ipynb
      hash: md5
      md5: 0267d44ee4b86261eb29d315566472b6
      size: 9263
    - path: pipeline/boilercv_pipeline/stages/e230920_find_objects
      hash: md5
      md5: 3459093a1d3c2c8fd18c96e3f1abd3f9.dir
      size: 1938
      nfiles: 2
    outs:
    - path: data/e230920/objects
      hash: md5
      md5: 66999f56d1c941db5759ef90fea0f819.dir
      size: 23387
      nfiles: 1
  e230920_find_tracks:
    cmd: boilercv-pipeline stage e230920-find-tracks
    deps:
    - path: data/e230920/objects
      hash: md5
      md5: 66999f56d1c941db5759ef90fea0f819.dir
      size: 23387
      nfiles: 1
    - path: docs/notebooks/e230920_find_tracks.ipynb
      hash: md5
      md5: 08a33f7c1ee4c7a9e9cf975757f20be6
      size: 6885
    - path: pipeline/boilercv_pipeline/stages/e230920_find_tracks
      hash: md5
      md5: f0f03e2e6b98343fedd1c7062993f8c8.dir
      size: 1887
      nfiles: 2
    outs:
    - path: data/e230920/tracks
      hash: md5
      md5: 7928af79ae134ab997ec4658d2c503cb.dir
      size: 33326
      nfiles: 1
  e230920_process_tracks:
    cmd: boilercv-pipeline stage e230920-process-tracks
    deps:
    - path: data/e230920/tracks
      hash: md5
      md5: 7928af79ae134ab997ec4658d2c503cb.dir
      size: 33326
      nfiles: 1
    - path: docs/notebooks/e230920_process_tracks.ipynb
      hash: md5
      md5: 82c7b9f6479b2a7f85b8fc387fb6ca84
      size: 8616
    - path: pipeline/boilercv_pipeline/stages/e230920_process_tracks
      hash: md5
      md5: 93a317c61ae0ae397df6bb479ea85825.dir
      size: 1971
      nfiles: 2
    outs:
    - path: data/e230920/processed_tracks
      hash: md5
      md5: d751713988987e9331980363e24189ce.dir
      size: 0
      nfiles: 0
  e230920_merge_tracks:
    cmd: boilercv-pipeline stage e230920-merge-tracks
    deps:
    - path: data/e230920/processed_tracks
      hash: md5
      md5: d751713988987e9331980363e24189ce.dir
      size: 0
      nfiles: 0
    - path: pipeline/boilercv_pipeline/stages/e230920_merge_tracks
      hash: md5
      md5: 5fd2253c62b2c82114ae3bb19ffd3312.dir
      size: 1697
      nfiles: 2
    outs:
    - path: data/e230920/merged_tracks.h5
      hash: md5
      md5: d41d8cd98f00b204e9800998ecf8427e
      size: 0
  e230920_plot_tracks:
    cmd: boilercv-pipeline stage e230920-plot-tracks
    deps:
    - path: data/e230920/merged_tracks.h5
      hash: md5
      md5: d41d8cd98f00b204e9800998ecf8427e
      size: 0
    - path: docs/notebooks/e230920_plot_tracks.ipynb
      hash: md5
      md5: ffa3a35525c6943c49e75368075958fd
      size: 24131
    - path: pipeline/boilercv_pipeline/stages/e230920_plot_tracks
      hash: md5
      md5: e43230ed923894ceb6c5678b58a949b8.dir
      size: 2539
      nfiles: 2
  e230920_get_mae:
    cmd: boilercv-pipeline stage e230920-get-mae
    deps:
    - path: data/e230920/processed_tracks
      hash: md5
      md5: d751713988987e9331980363e24189ce.dir
      size: 0
      nfiles: 0
    - path: docs/notebooks/e230920_get_mae.ipynb
      hash: md5
      md5: ec8d0a82fa37bc3ee48359d2a959d544
      size: 13351
    - path: pipeline/boilercv_pipeline/stages/e230920_get_mae
      hash: md5
      md5: c8673f549af8000d300b9fdbed96cf81.dir
      size: 1861
      nfiles: 2
    outs:
    - path: data/e230920/mae
      hash: md5
      md5: d751713988987e9331980363e24189ce.dir
      size: 0
      nfiles: 0
  e230920_merge_mae:
    cmd: boilercv-pipeline stage e230920-merge-mae
    deps:
    - path: data/e230920/mae
      hash: md5
      md5: d751713988987e9331980363e24189ce.dir
      size: 0
      nfiles: 0
    - path: pipeline/boilercv_pipeline/stages/e230920_merge_mae
      hash: md5
      md5: adcd106424d3ff16e381ebf1c3c23408.dir
      size: 1856
      nfiles: 2
    outs:
    - path: data/e230920/merged_mae.h5
      hash: md5
      md5: d41d8cd98f00b204e9800998ecf8427e
      size: 0
  skip_cloud:
    cmd: pwsh -Command "./Invoke-Uv.ps1 boilercv-pipeline stage skip-cloud --scale
      1.3 --marker-scale 20.0 --precision 3 --display-rows 12"
    params:
      params.yaml:
        display_rows: 12
        marker_scale: 20.0
        precision: 3
        scale: 1.3
    outs:
    - path: data/cines
      hash: md5
      md5: e4d560c3ffae8d28dae3c8ddedbb3c18.dir
      size: 34034068416
      nfiles: 16
  get_thermal_data:
    cmd: pwsh -Command "./Invoke-Uv.ps1 boilercv-pipeline stage get-thermal-data --scale
      1.3 --marker-scale 20.0 --precision 3 --display-rows 12 --sample 2024-07-18T17-44-35
      --no-only-sample --no-load-src-from-outs"
    deps:
    - path: data/models
      hash: md5
      md5: 7a25324af9fa1cbe6d275790fe863840.dir
      size: 2866
      nfiles: 5
    - path: data/thermal
      hash: md5
      md5: 521a50f1b13ea3054b15ba293fde78a2.dir
      size: 1963983
      nfiles: 1
    - path: docs/notebooks/get_thermal_data.ipynb
      hash: md5
      md5: 6b1e8d5af8b8199737ec7093a13ccc7c
      size: 9690
    - path: packages/pipeline/boilercv_pipeline/stages/get_thermal_data
      hash: md5
      md5: 8ff30a51a0374d3cb05d7526940ac25f.dir
      size: 4239
      nfiles: 2
    params:
      params.yaml:
        display_rows: 12
        load_src_from_outs: --no-load-src-from-outs
        marker_scale: 20.0
        only_sample: --no-only-sample
        precision: 3
        sample: 2024-07-18T17-44-35
        scale: 1.3
    outs:
    - path: data/e230920/thermal.h5
      hash: md5
      md5: 6545418d8d7ec32d649bf296623593ce
      size: 402343
    - path: data/e230920/thermal_plots/subcool.png
      hash: md5
      md5: e1a1749ca5b1aa5ba53752152e6d1522
      size: 458506
    - path: data/e230920/thermal_plots/subcool_superheat.png
      hash: md5
      md5: 78bc46dc8e79c4dc1ad1e1a13f4dc108
      size: 345847
    - path: data/e230920/thermal_plots/superheat.png
      hash: md5
      md5: c75438bf6c6db0bcfcd6c79a2048dbd5
      size: 507725
  find_objects:
    cmd: pwsh -Command "./Invoke-Uv.ps1 boilercv-pipeline stage find-objects --scale
      1.3 --marker-scale 20.0 --precision 3 --display-rows 12 --sample 2024-07-18T17-44-35
      --no-only-sample --frame-count 0 --frame-step 1 --no-compare-with-trackpy --guess-diameter
      21"
    deps:
    - path: data/contours
      hash: md5
      md5: da949dd69775b9cdeb57c297dbef53c0.dir
      size: 4427447588
      nfiles: 337
    - path: data/filled
      hash: md5
      md5: dd689eddfd2017e88d817ea549e22c2f.dir
      size: 3616770112
      nfiles: 337
    - path: docs/notebooks/find_objects.ipynb
      hash: md5
      md5: 742e98461a7792564815cb570b01179d
      size: 11620
    - path: packages/pipeline/boilercv_pipeline/stages/find_objects
      hash: md5
      md5: e4d2d332db08386ae2cfd424162831bc.dir
      size: 6169
      nfiles: 2
    params:
      params.yaml:
        compare_with_trackpy: --no-compare-with-trackpy
        display_rows: 12
        frame_count: 0
        frame_step: 1
        guess_diameter: 21
        marker_scale: 20.0
        only_sample: --no-only-sample
        precision: 3
        sample: 2024-07-18T17-44-35
        scale: 1.3
    outs:
    - path: data/e230920/objects
      hash: md5
      md5: f9c5f805a353f89218d539ba54ea2cdd.dir
      size: 95045791
      nfiles: 16
    - path: data/e230920/objects_plots/composite_2024-07-18T17-07-13.png
      hash: md5
      md5: a4bd3aca52d53f4c25efb2bdedfc58c5
      size: 152865
    - path: data/e230920/objects_plots/composite_2024-07-18T17-14-14.png
      hash: md5
      md5: 088dc15c5e014f051c7fd50d0666a359
      size: 138967
    - path: data/e230920/objects_plots/composite_2024-07-18T17-19-12.png
      hash: md5
      md5: 6a664de3ad6fed55e1ef8deb46e6f2a9
      size: 125946
    - path: data/e230920/objects_plots/composite_2024-07-18T17-28-16.png
      hash: md5
      md5: 438bdd29d9c32b4bd31cb5edd2eca587
      size: 112125
    - path: data/e230920/objects_plots/composite_2024-07-18T17-33-19.png
      hash: md5
      md5: 1bc26fe4d02a31b6fa404b95c0e0bf4b
      size: 131306
    - path: data/e230920/objects_plots/composite_2024-07-18T17-37-25.png
      hash: md5
      md5: 92d10efcd2776b851b37921ee2ae4548
      size: 156438
    - path: data/e230920/objects_plots/composite_2024-07-18T17-44-35.png
      hash: md5
      md5: 3f85e41efb561f4fc72716d9d61e4b27
      size: 167576
    - path: data/e230920/objects_plots/composite_2024-07-18T17-50-30.png
      hash: md5
      md5: 561dabbf02e1b770cdf063a495bfc345
      size: 165171
    - path: data/e230920/objects_plots/composite_2024-07-18T18-04-05.png
      hash: md5
      md5: 5fe026e510a603ec843c2f92dab206da
      size: 215856
    - path: data/e230920/objects_plots/composite_2024-07-18T18-08-58.png
      hash: md5
      md5: 9f4774f148b2c8259a3ebfdc9646bc58
      size: 202913
    - path: data/e230920/objects_plots/composite_2024-07-18T18-15-26.png
      hash: md5
      md5: 9f61760cd856735c79623ea21d65dc09
      size: 205545
    - path: data/e230920/objects_plots/composite_2024-07-18T18-21-28.png
      hash: md5
      md5: 5b9e8c9351bbc633904fdf11c09a3b3c
      size: 186669
    - path: data/e230920/objects_plots/composite_2024-07-18T18-31-44.png
      hash: md5
      md5: 4a5bb4eb90ca5614052ac46eb6f05f52
      size: 248116
    - path: data/e230920/objects_plots/composite_2024-07-18T18-36-37.png
      hash: md5
      md5: da7bb33f5de9bf35c6adf78feae19918
      size: 220597
    - path: data/e230920/objects_plots/composite_2024-07-18T18-40-58.png
      hash: md5
      md5: 8b08a0ab14cf596c8ec5aa9b4e7e4e3a
      size: 239046
    - path: data/e230920/objects_plots/composite_2024-07-18T18-49-55.png
      hash: md5
      md5: d2efe88245cf74a6e52003277de58fda
      size: 229867
  get_mae:
    cmd: pwsh -Command "./Invoke-Uv.ps1 boilercv-pipeline stage get-mae --scale 1.3
      --marker-scale 20.0 --precision 3 --display-rows 12 --sample 2024-07-18T17-44-35
      --no-only-sample"
    deps:
    - path: data/e230920/thermal.h5
      hash: md5
      md5: b0c77f590bfca0a67b89c93968608ee5
      size: 402319
    - path: data/e230920/tracks
      hash: md5
      md5: 77d61d41eeee8ca0c3e6cb62ae6bcd72.dir
      size: 2997577
      nfiles: 1
    - path: docs/notebooks/get_mae.ipynb
      hash: md5
      md5: 6514068f5d2ea609f47c898845de8988
      size: 12691
    - path: packages/pipeline/boilercv_pipeline/stages/get_mae
      hash: md5
      md5: 225be5362d84b9cbdcccd74041719d9f.dir
      size: 3511
      nfiles: 2
    params:
      params.yaml:
        display_rows: 12
        marker_scale: 20.0
        only_sample: --no-only-sample
        precision: 3
        sample: 2024-07-18T17-44-35
        scale: 1.3
    outs:
    - path: data/e230920/mae
      hash: md5
      md5: d751713988987e9331980363e24189ce.dir
      size: 0
      nfiles: 0
