schema: '2.0'
stages:
  schema:
    cmd: python -m boilercv.stages.schema
    deps:
    - path: src/boilercv/models/paths.py
      md5: 1fb691e416d85285b69bdeed1f0199c3
      size: 5010
    - path: src/boilercv/stages/schema.py
      md5: 6eaac97ab24e94f410ccff1517f42d0e
      size: 641
    outs:
    - path: data/schema
      md5: 27d4da10420e152d39b1c80f7d5a1403.dir
      size: 7966
      nfiles: 1
  update_binarized_preview:
    cmd: python -m boilercv.stages.update_binarized_preview
    deps:
    - path: data/rois
      md5: 1300e5dce1774bdc91feb6365369c7d8.dir
      size: 186726548
      nfiles: 308
    - path: data/sources
      md5: a409ab9bcababc1baaea4dc53e312bda.dir
      size: 7424602696
      nfiles: 308
    - path: src/boilercv/stages/update_binarized_preview.py
      md5: 186799fb6a90ec27a63cb274e05eca54
      size: 1153
    outs:
    - path: data/previews/binarized.nc
      md5: 5598ee8b69f8591e2035194a9054f2c3
      size: 147879321
  preview_binarized:
    cmd: pwsh -Command "./Invoke-Uv.ps1 boilercv-pipeline stage preview-binarized
      --scale 1.3 --marker-scale 20.0 --precision 3 --display-rows 12"
    deps:
    - path: data/rois
      hash: md5
      md5: e47325f1e13a630c356426538a3b8759.dir
      size: 205435895
      nfiles: 337
    - path: data/sources
      hash: md5
      md5: c2ba0be71deda61b9c6beca3aa7725c3.dir
      size: 7512414707
      nfiles: 336
    - path: packages/pipeline/boilercv_pipeline/stages/preview_binarized
      hash: md5
      md5: bf8616c0294ceaf7081defe8347ffb7b.dir
      size: 2201
      nfiles: 2
    params:
      params.yaml:
        display_rows: 12
        marker_scale: 20.0
        precision: 3
        scale: 1.3
    outs:
    - path: data/previews/binarized_preview.nc
      hash: md5
      md5: ea5080f6e0420727276d1a713a5591a8
      size: 3526688
  contours:
    cmd: python -m boilercv.stages.contours
    deps:
    - path: data/sources
      md5: a409ab9bcababc1baaea4dc53e312bda.dir
      size: 7424602696
      nfiles: 308
    - path: src/boilercv/stages/contours.py
      md5: 2104838a50deea4958e9fb8a4c330110
      size: 3041
    outs:
    - path: data/contours
      md5: d43be95333c9df0e76d570f8b11aada2.dir
      size: 4279876062
      nfiles: 308
  fill:
    cmd: pwsh -Command "./Invoke-Uv.ps1 boilercv-pipeline stage fill --scale 1.3 --marker-scale
      20.0 --precision 3 --display-rows 12"
    deps:
    - path: data/contours
      hash: md5
      md5: da949dd69775b9cdeb57c297dbef53c0.dir
      size: 4427447588
      nfiles: 337
    - path: data/rois
      hash: md5
      md5: e47325f1e13a630c356426538a3b8759.dir
      size: 205435895
      nfiles: 337
    - path: data/sources
      hash: md5
      md5: c2ba0be71deda61b9c6beca3aa7725c3.dir
      size: 7512414707
      nfiles: 336
    - path: packages/pipeline/boilercv_pipeline/stages/fill
      hash: md5
      md5: 69f7a48b8baa9168ae6dd6d4fc7e4814.dir
      size: 2654
      nfiles: 2
    params:
      params.yaml:
        display_rows: 12
        marker_scale: 20.0
        precision: 3
        scale: 1.3
    outs:
    - path: data/filled
      hash: md5
      md5: dd689eddfd2017e88d817ea549e22c2f.dir
      size: 3616770112
      nfiles: 337
  update_filled_preview:
    cmd: python -m boilercv.stages.update_filled_preview
    deps:
    - path: data/filled
      md5: 9d9b406833ae3911940fd4d717bb20e1.dir
      size: 3482532424
      nfiles: 308
    - path: src/boilercv/stages/update_filled_preview.py
      md5: 2b467aa2304c045ab9acd4a3c429dd39
      size: 1273
    outs:
    - path: data/previews/filled.nc
      md5: 913c0dca978f8f3ff088adb765bf8029
      size: 147879321
  check_cv:
    cmd: python -m boilercv.stages.check_cv
    deps:
    - path: data/samples
      md5: 2039f3ac1b4df1e9059cfb4d74b8c1db.dir
      size: 22147287
      nfiles: 113
    - path: src/boilercv/stages/check_cv.py
      md5: fb029ebceb5076c48f032c9b2ae3da1e
      size: 97
  binarized_preview:
    cmd: python -m boilercv.stages.update_previews.binarized
    deps:
    - path: data/rois
      md5: 1300e5dce1774bdc91feb6365369c7d8.dir
      size: 186726548
      nfiles: 308
    - path: data/sources
      md5: a409ab9bcababc1baaea4dc53e312bda.dir
      size: 7424602696
      nfiles: 308
    - path: src/boilercv/stages/update_previews/binarized.py
      md5: 0c528f648e4975729f1642c77e3ae15e
      size: 835
    outs:
    - path: data/previews/binarized.nc
      md5: a254f85beabe041bf6c4b0820024465d
      size: 3446443
  gray_preview:
    cmd: python -m boilercv.stages.update_previews.gray
    deps:
    - path: data/sources
      md5: a409ab9bcababc1baaea4dc53e312bda.dir
      size: 7424602696
      nfiles: 308
    - path: src/boilercv/stages/update_previews/gray.py
      md5: 089e35a18791e628d5bcd75e7fdca100
      size: 768
    outs:
    - path: data/previews/gray.nc
      md5: bca01dd9d72e5a7c25db766c5522652e
      size: 18686615
  filled_preview:
    cmd: python -m boilercv.stages.update_previews.filled
    deps:
    - path: data/filled
      md5: 9d9b406833ae3911940fd4d717bb20e1.dir
      size: 3482532424
      nfiles: 308
    - path: data/sources
      md5: a409ab9bcababc1baaea4dc53e312bda.dir
      size: 7424602696
      nfiles: 308
    - path: src/boilercv/stages/update_previews/filled.py
      md5: 879e5a5452d1e5ecc5dfaa79789f3840
      size: 767
    outs:
    - path: data/previews/filled.nc
      md5: f3596d4b5c08d8701b7630f1136c45aa
      size: 1661392
  unobstructed:
    cmd: python -m boilercv.stages.unobstructed
    deps:
    - path: data/contours
      md5: d43be95333c9df0e76d570f8b11aada2.dir
      size: 4279876062
      nfiles: 308
    - path: src/boilercv/stages/unobstructed.py
      md5: 1ac8ebbe39d30d3208f1357f45db0191
      size: 72
    outs:
    - path: data/unobstructed
      md5: d751713988987e9331980363e24189ce.dir
      size: 0
      nfiles: 0
  tracks:
    cmd: python -m boilercv.stages.tracks
    deps:
    - path: data/unobstructed
      md5: d751713988987e9331980363e24189ce.dir
      size: 0
      nfiles: 0
    - path: src/boilercv/stages/tracks.py
      md5: 62e86ce4b840b2f318431b628fd629b9
      size: 22
    outs:
    - path: data/tracks
      md5: d751713988987e9331980363e24189ce.dir
      size: 0
      nfiles: 0
  correlations:
    cmd: python -m boilercv.stages.correlations
    deps:
    - path: src/boilercv/stages/correlations.py
      md5: 6dc3104f27c37113ff04c12d4fa15a18
      size: 62
    outs:
    - path: data/correlations
      md5: d751713988987e9331980363e24189ce.dir
      size: 0
      nfiles: 0
  lifetimes:
    cmd: python -m boilercv.stages.lifetimes
    deps:
    - path: data/correlations
      md5: d751713988987e9331980363e24189ce.dir
      size: 0
      nfiles: 0
    - path: data/tracks
      md5: d751713988987e9331980363e24189ce.dir
      size: 0
      nfiles: 0
    - path: src/boilercv/stages/lifetimes.py
      md5: a0e078277617753ae38f0229ac783a1d
      size: 64
    outs:
    - path: data/lifetimes
      md5: d751713988987e9331980363e24189ce.dir
      size: 0
      nfiles: 0
  find_contours:
    cmd: pwsh -Command "./Invoke-Uv.ps1 boilercv-pipeline stage find-contours --scale
      1.3 --marker-scale 20.0 --precision 3 --display-rows 12"
    deps:
    - path: data/rois
      hash: md5
      md5: e47325f1e13a630c356426538a3b8759.dir
      size: 205435895
      nfiles: 337
    - path: data/sources
      hash: md5
      md5: c2ba0be71deda61b9c6beca3aa7725c3.dir
      size: 7512414707
      nfiles: 336
    - path: packages/pipeline/boilercv_pipeline/stages/find_contours
      hash: md5
      md5: f4e417222bdd605d20c8aad7a59ba068.dir
      size: 4342
      nfiles: 2
    params:
      params.yaml:
        display_rows: 12
        marker_scale: 20.0
        precision: 3
        scale: 1.3
    outs:
    - path: data/contours
      hash: md5
      md5: da949dd69775b9cdeb57c297dbef53c0.dir
      size: 4427447588
      nfiles: 337
  preview_filled:
    cmd: pwsh -Command "./Invoke-Uv.ps1 boilercv-pipeline stage preview-filled --scale
      1.3 --marker-scale 20.0 --precision 3 --display-rows 12"
    deps:
    - path: data/filled
      hash: md5
      md5: dd689eddfd2017e88d817ea549e22c2f.dir
      size: 3616770112
      nfiles: 337
    - path: data/rois
      hash: md5
      md5: e47325f1e13a630c356426538a3b8759.dir
      size: 205435895
      nfiles: 337
    - path: packages/pipeline/boilercv_pipeline/stages/preview_filled
      hash: md5
      md5: a8d3eea1c40332bfc0e3a940a0afb35f.dir
      size: 2105
      nfiles: 2
    params:
      params.yaml:
        display_rows: 12
        marker_scale: 20.0
        precision: 3
        scale: 1.3
    outs:
    - path: data/previews/filled_preview.nc
      hash: md5
      md5: e43b9ddb4ad1ad6a3a1603996604e599
      size: 1693748
  preview_gray:
    cmd: pwsh -Command "./Invoke-Uv.ps1 boilercv-pipeline stage preview-gray --scale
      1.3 --marker-scale 20.0 --precision 3 --display-rows 12"
    deps:
    - path: data/large_sources
      hash: md5
      md5: 658d0528ed596161c3a269f67587f41f.dir
      size: 30563612808
      nfiles: 17
    - path: packages/pipeline/boilercv_pipeline/stages/preview_gray
      hash: md5
      md5: 67638cee89d7a023ecafe53d50cad10c.dir
      size: 1913
      nfiles: 2
    params:
      params.yaml:
        display_rows: 12
        marker_scale: 20.0
        precision: 3
        scale: 1.3
    outs:
    - path: data/previews/gray_preview.nc
      hash: md5
      md5: 55ca0f81794bd1344fd688bcb78a4091
      size: 186409
  find_unobstructed:
    cmd: python pipeline/boilercv_pipeline/stages/find_unobstructed.py
    deps:
    - path: data/contours
      hash: md5
      md5: 580c3168f9cf0ab979bb776cc14341ac.dir
      size: 4429746285
      nfiles: 338
    - path: pipeline/boilercv_pipeline/stages/find_unobstructed.py
      hash: md5
      md5: 610f35980e37e6c97dd7bb78829ea518
      size: 259
    outs:
    - path: data/unobstructed
      hash: md5
      md5: d86b284d61c0341668c7594a76e10ec3.dir
      size: 0
      nfiles: 1
  find_tracks:
    cmd: pwsh -Command "./Invoke-Uv.ps1 boilercv-pipeline stage find-tracks --scale
      1.3 --marker-scale 20.0 --precision 3 --display-rows 12 --sample 2024-07-18T17-44-35
      --no-only-sample --frame-count 0 --frame-step 1"
    deps:
    - path: data/e230920/objects
      hash: md5
      md5: 5b5fdec2ad39489a2fac78ad96b9fec0.dir
      size: 92817089
      nfiles: 16
    - path: data/e230920/thermal.h5
      hash: md5
      md5: 4ee8d5c2e3483ae4c3c6627c90a22ca5
      size: 402343
    - path: data/filled
      hash: md5
      md5: dd689eddfd2017e88d817ea549e22c2f.dir
      size: 3616770112
      nfiles: 337
    - path: docs/notebooks/find_tracks.ipynb
      hash: md5
      md5: f9d55a46e9828cb57710d1a7d5a7fe64
      size: 32942
    - path: packages/pipeline/boilercv_pipeline/stages/find_tracks
      hash: md5
      md5: d06a70213e8c0e943a998548472da516.dir
      size: 10651
      nfiles: 2
    params:
      params.yaml:
        display_rows: 12
        frame_count: 0
        frame_step: 1
        marker_scale: 20.0
        only_sample: --no-only-sample
        precision: 3
        sample: 2024-07-18T17-44-35
        scale: 1.3
    outs:
    - path: data/e230920/tracks
      hash: md5
      md5: 768b4e2dbcd53d57bc2b3aa45399a270.dir
      size: 1141461315
      nfiles: 16
    - path: data/e230920/tracks_plots/beta_2024-07-18T17-07-13.png
      hash: md5
      md5: ddca0c920fe9bceea43f0e19d08e49e0
      size: 439280
    - path: data/e230920/tracks_plots/beta_2024-07-18T17-14-14.png
      hash: md5
      md5: 7ac83bc4a94979e905c0add4945afd29
      size: 419569
    - path: data/e230920/tracks_plots/beta_2024-07-18T17-19-12.png
      hash: md5
      md5: 0d7ef1f2e93a4f29ad3ad3f9e5b58148
      size: 399338
    - path: data/e230920/tracks_plots/beta_2024-07-18T17-28-16.png
      hash: md5
      md5: aefb193a70ae07db993c7358c31b765a
      size: 424499
    - path: data/e230920/tracks_plots/beta_2024-07-18T17-33-19.png
      hash: md5
      md5: af379952ef73a8166828e38f2871b65d
      size: 421856
    - path: data/e230920/tracks_plots/beta_2024-07-18T17-37-25.png
      hash: md5
      md5: e1b490f465954955a51c892fdf15c74c
      size: 445989
    - path: data/e230920/tracks_plots/beta_2024-07-18T17-44-35.png
      hash: md5
      md5: 95816330400dcdaa820f9948d7fd3d64
      size: 475563
    - path: data/e230920/tracks_plots/beta_2024-07-18T17-50-30.png
      hash: md5
      md5: ec03bf36bf8782e28ce724e7c0769e93
      size: 489235
    - path: data/e230920/tracks_plots/beta_2024-07-18T18-04-05.png
      hash: md5
      md5: 4c1923cbc40c202d236ac416e46c4783
      size: 465454
    - path: data/e230920/tracks_plots/beta_2024-07-18T18-08-58.png
      hash: md5
      md5: ddd04e5b8882a1891a58b785780fae85
      size: 464791
    - path: data/e230920/tracks_plots/beta_2024-07-18T18-15-26.png
      hash: md5
      md5: 74e03e0a5c8ee05b032845e5dfea80e8
      size: 415861
    - path: data/e230920/tracks_plots/beta_2024-07-18T18-21-28.png
      hash: md5
      md5: 93e9bfeae5e98061df17942b5461e4f4
      size: 429598
    - path: data/e230920/tracks_plots/beta_2024-07-18T18-31-44.png
      hash: md5
      md5: 3db6472f62cd94dab6336428a9462a19
      size: 304775
    - path: data/e230920/tracks_plots/beta_2024-07-18T18-36-37.png
      hash: md5
      md5: ce73ac20c908c0aa5305bdf14b3e1148
      size: 294594
    - path: data/e230920/tracks_plots/beta_2024-07-18T18-40-58.png
      hash: md5
      md5: a0b2eeb4d25adb03af9b68281f326f62
      size: 300251
    - path: data/e230920/tracks_plots/beta_2024-07-18T18-49-55.png
      hash: md5
      md5: 0b663955abbe362ef2ea586bcd490e09
      size: 238405
    - path: data/e230920/tracks_plots/beta_err_2024-07-18T17-07-13.png
      hash: md5
      md5: c934210bcb98f85dd3afef5b97615e12
      size: 201505
    - path: data/e230920/tracks_plots/beta_err_2024-07-18T17-14-14.png
      hash: md5
      md5: 78d0037a2daeedf5a56a3343309eb92b
      size: 207702
    - path: data/e230920/tracks_plots/beta_err_2024-07-18T17-19-12.png
      hash: md5
      md5: a02bde091700393894f75e4132f3ffd6
      size: 198572
    - path: data/e230920/tracks_plots/beta_err_2024-07-18T17-28-16.png
      hash: md5
      md5: ab6f72c93a91a3b72c16d0d75ce98cca
      size: 194970
    - path: data/e230920/tracks_plots/beta_err_2024-07-18T17-33-19.png
      hash: md5
      md5: 44af37c69f0ca4b4c71ec71e22135f2b
      size: 212690
    - path: data/e230920/tracks_plots/beta_err_2024-07-18T17-37-25.png
      hash: md5
      md5: da994b5c78fe71c0c8599ef6bdf599d8
      size: 181692
    - path: data/e230920/tracks_plots/beta_err_2024-07-18T17-44-35.png
      hash: md5
      md5: f8bb691e2169e83813a72d249137b499
      size: 184840
    - path: data/e230920/tracks_plots/beta_err_2024-07-18T17-50-30.png
      hash: md5
      md5: 11d4c881232f52fdfe0be54862bbf9bf
      size: 196244
    - path: data/e230920/tracks_plots/beta_err_2024-07-18T18-04-05.png
      hash: md5
      md5: 7b4e78f40bc044ac7759ece33581b517
      size: 199198
    - path: data/e230920/tracks_plots/beta_err_2024-07-18T18-08-58.png
      hash: md5
      md5: 394e335cbe834d1ee3847a0bc1131a15
      size: 219547
    - path: data/e230920/tracks_plots/beta_err_2024-07-18T18-15-26.png
      hash: md5
      md5: b57cccef301e9c61daa8d5a8b4272a51
      size: 181973
    - path: data/e230920/tracks_plots/beta_err_2024-07-18T18-21-28.png
      hash: md5
      md5: c8a614554cab8bec0ddfadea5f958696
      size: 194310
    - path: data/e230920/tracks_plots/beta_err_2024-07-18T18-31-44.png
      hash: md5
      md5: bac95fcdcea1e7d36e71d6de94255699
      size: 195854
    - path: data/e230920/tracks_plots/beta_err_2024-07-18T18-36-37.png
      hash: md5
      md5: a1dbcaec3158e80f1651c1371bdd1be0
      size: 171769
    - path: data/e230920/tracks_plots/beta_err_2024-07-18T18-40-58.png
      hash: md5
      md5: 638d2720fb693b7e1d9b3bbd33eaca5f
      size: 199005
    - path: data/e230920/tracks_plots/beta_err_2024-07-18T18-49-55.png
      hash: md5
      md5: c8f521461e023779b37697ecd3e151de
      size: 181817
    - path: data/e230920/tracks_plots/bubbles_2024-07-18T17-07-13.png
      hash: md5
      md5: ff80b5bce58d1a62fc1b47764fa9e7ba
      size: 165407
    - path: data/e230920/tracks_plots/bubbles_2024-07-18T17-14-14.png
      hash: md5
      md5: c0bd598a2e00c3399bd7550c945c09f0
      size: 148400
    - path: data/e230920/tracks_plots/bubbles_2024-07-18T17-19-12.png
      hash: md5
      md5: e201e1d7b6abc93a18895f3729b52b38
      size: 138882
    - path: data/e230920/tracks_plots/bubbles_2024-07-18T17-28-16.png
      hash: md5
      md5: 68d1d3ae824241ccb152f27cb8cefa0f
      size: 123832
    - path: data/e230920/tracks_plots/bubbles_2024-07-18T17-33-19.png
      hash: md5
      md5: a9cc4dd43acf792e67da62224b32a04a
      size: 148133
    - path: data/e230920/tracks_plots/bubbles_2024-07-18T17-37-25.png
      hash: md5
      md5: 55d4a15ff0d43cf8c038091349b23634
      size: 163512
    - path: data/e230920/tracks_plots/bubbles_2024-07-18T17-44-35.png
      hash: md5
      md5: 36631b38b7aa7e405498004e089db5f6
      size: 166122
    - path: data/e230920/tracks_plots/bubbles_2024-07-18T17-50-30.png
      hash: md5
      md5: cc38e82087fb9349f5eb2d51d1d6b891
      size: 161200
    - path: data/e230920/tracks_plots/bubbles_2024-07-18T18-04-05.png
      hash: md5
      md5: 5b11ff72d04afb0100f8dd85c6a93e92
      size: 204139
    - path: data/e230920/tracks_plots/bubbles_2024-07-18T18-08-58.png
      hash: md5
      md5: 25e1c25b83f36641ae5bf5812685e9d2
      size: 198663
    - path: data/e230920/tracks_plots/bubbles_2024-07-18T18-15-26.png
      hash: md5
      md5: deb0c039270b75524b4a5a67413a5803
      size: 205690
    - path: data/e230920/tracks_plots/bubbles_2024-07-18T18-21-28.png
      hash: md5
      md5: 59bd1637c7f978f29143f71d7339c713
      size: 198096
    - path: data/e230920/tracks_plots/bubbles_2024-07-18T18-31-44.png
      hash: md5
      md5: 24974854f5b2e77189e2878395fc1793
      size: 222382
    - path: data/e230920/tracks_plots/bubbles_2024-07-18T18-36-37.png
      hash: md5
      md5: 50305be18797f5ccd375b48a00cad2ae
      size: 203972
    - path: data/e230920/tracks_plots/bubbles_2024-07-18T18-40-58.png
      hash: md5
      md5: 208c6f93344e903c7cf8857820291897
      size: 220456
    - path: data/e230920/tracks_plots/bubbles_2024-07-18T18-49-55.png
      hash: md5
      md5: 050ee6dc54d37fb9bc107dfffb40033a
      size: 223872
    - path: data/e230920/tracks_plots/mae_2024-07-18T17-07-13.png
      hash: md5
      md5: c7aab1cfa07c8614146f99d4267fa1af
      size: 141661
    - path: data/e230920/tracks_plots/mae_2024-07-18T17-14-14.png
      hash: md5
      md5: 7ed62a898eaeef91f4ed5c877911253d
      size: 100035
    - path: data/e230920/tracks_plots/mae_2024-07-18T17-19-12.png
      hash: md5
      md5: 2a991598c13a0ecd1b123c25b58f825c
      size: 109978
    - path: data/e230920/tracks_plots/mae_2024-07-18T17-28-16.png
      hash: md5
      md5: cb43bf180226e77a226ce133400ac717
      size: 130358
    - path: data/e230920/tracks_plots/mae_2024-07-18T17-33-19.png
      hash: md5
      md5: e9ce4cc1d021b3cbd73d510a33fa6ad1
      size: 109321
    - path: data/e230920/tracks_plots/mae_2024-07-18T17-37-25.png
      hash: md5
      md5: e884f7eafb13b0f4ed4e778893231e3a
      size: 147944
    - path: data/e230920/tracks_plots/mae_2024-07-18T17-44-35.png
      hash: md5
      md5: 0638fc6818410c630aaec21306b04e04
      size: 173287
    - path: data/e230920/tracks_plots/mae_2024-07-18T17-50-30.png
      hash: md5
      md5: 3467d75f37c3bafbb413f0e1216c2ead
      size: 188330
    - path: data/e230920/tracks_plots/mae_2024-07-18T18-04-05.png
      hash: md5
      md5: f1b92c84bb4326091b9d0a169d3472e2
      size: 203820
    - path: data/e230920/tracks_plots/mae_2024-07-18T18-08-58.png
      hash: md5
      md5: e63de1a66dc8b715c11638e851775ad7
      size: 204784
    - path: data/e230920/tracks_plots/mae_2024-07-18T18-15-26.png
      hash: md5
      md5: 6e3109615bc148f35c8483faddb983f5
      size: 188380
    - path: data/e230920/tracks_plots/mae_2024-07-18T18-21-28.png
      hash: md5
      md5: 168e0e08a3653badd231b262f98e6ba7
      size: 159675
    - path: data/e230920/tracks_plots/mae_2024-07-18T18-31-44.png
      hash: md5
      md5: 8239f5e115d9312cd6cc3fd1e5ec4091
      size: 134935
    - path: data/e230920/tracks_plots/mae_2024-07-18T18-36-37.png
      hash: md5
      md5: 51ab3c3dbd8ece450128d4025bac6fb1
      size: 105716
    - path: data/e230920/tracks_plots/mae_2024-07-18T18-40-58.png
      hash: md5
      md5: c45050cabc4651098b2de14400d93e7f
      size: 115803
    - path: data/e230920/tracks_plots/mae_2024-07-18T18-49-55.png
      hash: md5
      md5: ca31429aa61ba21c7616966f57c15177
      size: 70452
    - path: data/e230920/tracks_plots/multi_2024-07-18T17-07-13.png
      hash: md5
      md5: 91dacb49c3152d7664a4450e94eec7c5
      size: 282986
    - path: data/e230920/tracks_plots/multi_2024-07-18T17-14-14.png
      hash: md5
      md5: 8981008bafcfed54d73723077babf974
      size: 272345
    - path: data/e230920/tracks_plots/multi_2024-07-18T17-19-12.png
      hash: md5
      md5: e6871b042d49e68705b62ae0dc2a921f
      size: 299729
    - path: data/e230920/tracks_plots/multi_2024-07-18T17-28-16.png
      hash: md5
      md5: 194c2b7c6a1c124ac9e0f01461f108ae
      size: 277359
    - path: data/e230920/tracks_plots/multi_2024-07-18T17-33-19.png
      hash: md5
      md5: 09855ff3463dd8ccfa2703d6ce5ab78f
      size: 318492
    - path: data/e230920/tracks_plots/multi_2024-07-18T17-37-25.png
      hash: md5
      md5: 6ec254aa8a055d3ec55bf5bbcc14a4fd
      size: 290977
    - path: data/e230920/tracks_plots/multi_2024-07-18T17-44-35.png
      hash: md5
      md5: 8bc44ae10b4467ce6374e6dc4048668d
      size: 298203
    - path: data/e230920/tracks_plots/multi_2024-07-18T17-50-30.png
      hash: md5
      md5: f9e1a60da531f5101e9a6b2622a1159a
      size: 325950
    - path: data/e230920/tracks_plots/multi_2024-07-18T18-04-05.png
      hash: md5
      md5: 50ea1982e7ac0aeeb9d865f506f6d3f0
      size: 314201
    - path: data/e230920/tracks_plots/multi_2024-07-18T18-08-58.png
      hash: md5
      md5: d60f00d482322045e08960c731c048d4
      size: 376841
    - path: data/e230920/tracks_plots/multi_2024-07-18T18-15-26.png
      hash: md5
      md5: 42e7b2e03ad6daebb933738f2e8ce150
      size: 350099
    - path: data/e230920/tracks_plots/multi_2024-07-18T18-21-28.png
      hash: md5
      md5: e65437cef539dc595a77f34b03c1d884
      size: 320199
    - path: data/e230920/tracks_plots/multi_2024-07-18T18-31-44.png
      hash: md5
      md5: 091aaba35ea0e1b82df5a6da1f9a32f9
      size: 427051
    - path: data/e230920/tracks_plots/multi_2024-07-18T18-36-37.png
      hash: md5
      md5: 3d402b1eac0e758e19e37de25990e5da
      size: 402981
    - path: data/e230920/tracks_plots/multi_2024-07-18T18-40-58.png
      hash: md5
      md5: a06aac1c5a026190f559f5a5873cc0cc
      size: 425485
    - path: data/e230920/tracks_plots/multi_2024-07-18T18-49-55.png
      hash: md5
      md5: b795dfd851df4004c0258ff1750119cb
      size: 427689
    - path: data/e230920/tracks_plots/nusselt_err_2024-07-18T17-07-13.png
      hash: md5
      md5: f9dbb4a0b424b20968365599e1e88006
      size: 191430
    - path: data/e230920/tracks_plots/nusselt_err_2024-07-18T17-14-14.png
      hash: md5
      md5: 8e7cf6afe11fdde4e1525e2f4c9acb4a
      size: 168722
    - path: data/e230920/tracks_plots/nusselt_err_2024-07-18T17-19-12.png
      hash: md5
      md5: 8c3a4ba87768a3f458dabb7bee028412
      size: 175981
    - path: data/e230920/tracks_plots/nusselt_err_2024-07-18T17-28-16.png
      hash: md5
      md5: bdf3c4e011841d6330ecc2ab57243132
      size: 171938
    - path: data/e230920/tracks_plots/nusselt_err_2024-07-18T17-33-19.png
      hash: md5
      md5: 633a9a7a495cdf7a87c7c7918c3a136d
      size: 185179
    - path: data/e230920/tracks_plots/nusselt_err_2024-07-18T17-37-25.png
      hash: md5
      md5: 61d27a6cf0b6def1dec2c8ecf04550c1
      size: 181274
    - path: data/e230920/tracks_plots/nusselt_err_2024-07-18T17-44-35.png
      hash: md5
      md5: cf27547316c4d106947405f3553e735a
      size: 193610
    - path: data/e230920/tracks_plots/nusselt_err_2024-07-18T17-50-30.png
      hash: md5
      md5: 0598c0a476f2dc52460990dba1945541
      size: 201687
    - path: data/e230920/tracks_plots/nusselt_err_2024-07-18T18-04-05.png
      hash: md5
      md5: e9985cba24d392639e27d7aaa6890e43
      size: 217635
    - path: data/e230920/tracks_plots/nusselt_err_2024-07-18T18-08-58.png
      hash: md5
      md5: df8414177625a63b4d6270ce1f972714
      size: 206806
    - path: data/e230920/tracks_plots/nusselt_err_2024-07-18T18-15-26.png
      hash: md5
      md5: 02e488871f9d1fb788dac61084d20d7f
      size: 208157
    - path: data/e230920/tracks_plots/nusselt_err_2024-07-18T18-21-28.png
      hash: md5
      md5: 53a379b000216f791b2123b1a8e863e0
      size: 191732
    - path: data/e230920/tracks_plots/nusselt_err_2024-07-18T18-31-44.png
      hash: md5
      md5: dffaa29abbd0eedff1726e4ece2b9bbd
      size: 202688
    - path: data/e230920/tracks_plots/nusselt_err_2024-07-18T18-36-37.png
      hash: md5
      md5: dc22b79e655d27703c40b9ac2fe10468
      size: 183562
    - path: data/e230920/tracks_plots/nusselt_err_2024-07-18T18-40-58.png
      hash: md5
      md5: 5765d0cb96d625e11f1b68f904c596d9
      size: 195884
    - path: data/e230920/tracks_plots/nusselt_err_2024-07-18T18-49-55.png
      hash: md5
      md5: ea783c4d548d1f8e16e834a557fd767d
      size: 196521
  compare_theory:
    cmd: python pipeline/boilercv_pipeline/stages/compare_theory.py
    deps:
    - path: data/tracks
      hash: md5
      md5: 3224c01679660267629b93a0a66c9d22.dir
      size: 0
      nfiles: 1
    - path: pipeline/boilercv_pipeline/stages/compare_theory.py
      hash: md5
      md5: 73831a23237722b5dddc5a9138749085
      size: 242
    outs:
    - path: data/lifetimes
      hash: md5
      md5: 6829db6b84ef3bde25e2085ed7be0a4e.dir
      size: 0
      nfiles: 1
  temp:
    cmd: echo hello
  build_docs:
    cmd: python src/boilercv/stages/build_docs.py
    deps:
    - path: .tools/scripts/Build-Docs.ps1
      hash: md5
      md5: b5b385bb299a24f9854e97b3b30fb34b
      size: 1887
    - path: data/docs
      hash: md5
      md5: 4a70076a208c39bf16e99e7539f7c2e4.dir
      size: 2903782
      nfiles: 8
    - path: src/boilercv/stages/build_docs.py
      hash: md5
      md5: cd9cb49e5a73126576ab897d03a05a08
      size: 761
  clear_docx:
    cmd: "pwsh -Command \"New-Item data/docx -ItemType Directory\"\n"
    outs:
    - path: data/docx
      hash: md5
      md5: d751713988987e9331980363e24189ce.dir
      size: 0
      nfiles: 0
  generate_reports:
    cmd: python src/boilercv/stages/generate_reports.py
    deps:
    - path: data/notebooks
      hash: md5
      md5: c02692b003dfa130fce1b9fc88a4b51a.dir
      size: 2840942
      nfiles: 11
  generate_experiment_docs:
    cmd: python src/boilercv/stages/generate_experiment_docs.py
    deps:
    - path: src/boilercv/stages/experiments
      hash: md5
      md5: a6b74e4a0cf19c633775199ea9fc2398.dir
      size: 10710
      nfiles: 7
  binarize:
    cmd: pwsh -Command "./Invoke-Uv.ps1 boilercv-pipeline stage binarize --scale 1.3
      --marker-scale 20.0 --precision 3 --display-rows 12"
    deps:
    - path: data/large_sources
      hash: md5
      md5: 658d0528ed596161c3a269f67587f41f.dir
      size: 30563612808
      nfiles: 17
    - path: packages/pipeline/boilercv_pipeline/stages/binarize
      hash: md5
      md5: 64871657d69f0bb21d960035804a5864.dir
      size: 2403
      nfiles: 2
    params:
      params.yaml:
        display_rows: 12
        marker_scale: 20.0
        precision: 3
        scale: 1.3
    outs:
    - path: data/rois
      hash: md5
      md5: e47325f1e13a630c356426538a3b8759.dir
      size: 205435895
      nfiles: 337
    - path: data/sources
      hash: md5
      md5: c2ba0be71deda61b9c6beca3aa7725c3.dir
      size: 7512414707
      nfiles: 336
  convert:
    cmd: pwsh -Command "./Invoke-Uv.ps1 boilercv-pipeline stage convert --scale 1.3
      --marker-scale 20.0 --precision 3 --display-rows 12"
    deps:
    - path: data/cines
      hash: md5
      md5: e4d560c3ffae8d28dae3c8ddedbb3c18.dir
      size: 34034068416
      nfiles: 16
    - path: packages/pipeline/boilercv_pipeline/stages/convert
      hash: md5
      md5: 99214c98baf7a19f9b22fc664a568069.dir
      size: 2269
      nfiles: 2
    params:
      params.yaml:
        display_rows: 12
        marker_scale: 20.0
        precision: 3
        scale: 1.3
    outs:
    - path: data/large_sources
      hash: md5
      md5: 658d0528ed596161c3a269f67587f41f.dir
      size: 30563612808
      nfiles: 17
  flatten_data_dir:
    cmd: boilercv_pipeline stages flatten-data-dir
    deps:
    - path: data/hierarchical_data
      hash: md5
      md5: 6ffbaaad7b4ac6e1afabed19a80b2560.dir
      size: 0
      nfiles: 1
  e230920_update_thermal_data:
    cmd: boilercv-pipeline stage e230920-update-thermal-data
    deps:
    - path: data/e230920/thermal_raw.csv
      hash: md5
      md5: d41d8cd98f00b204e9800998ecf8427e
      size: 0
    - path: docs/notebooks/e230920_get_thermal_data.ipynb
      hash: md5
      md5: 7d031f1ec18637fdedbe55103bac75dd
      size: 3996
    - path: pipeline/boilercv_pipeline/stages/e230920_get_thermal_data
      hash: md5
      md5: 9b61c0cbab32b545d62fbe3e15a8c069.dir
      size: 1515
      nfiles: 2
    outs:
    - path: data/e230920/thermal.h5
      hash: md5
      md5: d41d8cd98f00b204e9800998ecf8427e
      size: 0
  e230920_find_contours:
    cmd: boilercv-pipeline stage e230920-find-contours
    deps:
    - path: data/contours
      hash: md5
      md5: 580c3168f9cf0ab979bb776cc14341ac.dir
      size: 4429746285
      nfiles: 338
    - path: pipeline/boilercv_pipeline/stages/e230920_find_contours
      hash: md5
      md5: ae40fd982c8dd4b588e94dbb6bf3bbda.dir
      size: 1760
      nfiles: 2
    outs:
    - path: data/e230920/contours
      hash: md5
      md5: 3a2ee8e6557ddaf6863fb775e9d6e96d.dir
      size: 4952829
      nfiles: 1
  e230920_find_objects:
    cmd: boilercv-pipeline stage e230920-find-objects
    deps:
    - path: data/e230920/contours
      hash: md5
      md5: 3a2ee8e6557ddaf6863fb775e9d6e96d.dir
      size: 4952829
      nfiles: 1
    - path: docs/notebooks/e230920_find_objects.ipynb
      hash: md5
      md5: 0267d44ee4b86261eb29d315566472b6
      size: 9263
    - path: pipeline/boilercv_pipeline/stages/e230920_find_objects
      hash: md5
      md5: 3459093a1d3c2c8fd18c96e3f1abd3f9.dir
      size: 1938
      nfiles: 2
    outs:
    - path: data/e230920/objects
      hash: md5
      md5: 66999f56d1c941db5759ef90fea0f819.dir
      size: 23387
      nfiles: 1
  e230920_find_tracks:
    cmd: boilercv-pipeline stage e230920-find-tracks
    deps:
    - path: data/e230920/objects
      hash: md5
      md5: 66999f56d1c941db5759ef90fea0f819.dir
      size: 23387
      nfiles: 1
    - path: docs/notebooks/e230920_find_tracks.ipynb
      hash: md5
      md5: 08a33f7c1ee4c7a9e9cf975757f20be6
      size: 6885
    - path: pipeline/boilercv_pipeline/stages/e230920_find_tracks
      hash: md5
      md5: f0f03e2e6b98343fedd1c7062993f8c8.dir
      size: 1887
      nfiles: 2
    outs:
    - path: data/e230920/tracks
      hash: md5
      md5: 7928af79ae134ab997ec4658d2c503cb.dir
      size: 33326
      nfiles: 1
  e230920_process_tracks:
    cmd: boilercv-pipeline stage e230920-process-tracks
    deps:
    - path: data/e230920/tracks
      hash: md5
      md5: 7928af79ae134ab997ec4658d2c503cb.dir
      size: 33326
      nfiles: 1
    - path: docs/notebooks/e230920_process_tracks.ipynb
      hash: md5
      md5: 82c7b9f6479b2a7f85b8fc387fb6ca84
      size: 8616
    - path: pipeline/boilercv_pipeline/stages/e230920_process_tracks
      hash: md5
      md5: 93a317c61ae0ae397df6bb479ea85825.dir
      size: 1971
      nfiles: 2
    outs:
    - path: data/e230920/processed_tracks
      hash: md5
      md5: d751713988987e9331980363e24189ce.dir
      size: 0
      nfiles: 0
  e230920_merge_tracks:
    cmd: boilercv-pipeline stage e230920-merge-tracks
    deps:
    - path: data/e230920/processed_tracks
      hash: md5
      md5: d751713988987e9331980363e24189ce.dir
      size: 0
      nfiles: 0
    - path: pipeline/boilercv_pipeline/stages/e230920_merge_tracks
      hash: md5
      md5: 5fd2253c62b2c82114ae3bb19ffd3312.dir
      size: 1697
      nfiles: 2
    outs:
    - path: data/e230920/merged_tracks.h5
      hash: md5
      md5: d41d8cd98f00b204e9800998ecf8427e
      size: 0
  e230920_plot_tracks:
    cmd: boilercv-pipeline stage e230920-plot-tracks
    deps:
    - path: data/e230920/merged_tracks.h5
      hash: md5
      md5: d41d8cd98f00b204e9800998ecf8427e
      size: 0
    - path: docs/notebooks/e230920_plot_tracks.ipynb
      hash: md5
      md5: ffa3a35525c6943c49e75368075958fd
      size: 24131
    - path: pipeline/boilercv_pipeline/stages/e230920_plot_tracks
      hash: md5
      md5: e43230ed923894ceb6c5678b58a949b8.dir
      size: 2539
      nfiles: 2
  e230920_get_mae:
    cmd: boilercv-pipeline stage e230920-get-mae
    deps:
    - path: data/e230920/processed_tracks
      hash: md5
      md5: d751713988987e9331980363e24189ce.dir
      size: 0
      nfiles: 0
    - path: docs/notebooks/e230920_get_mae.ipynb
      hash: md5
      md5: ec8d0a82fa37bc3ee48359d2a959d544
      size: 13351
    - path: pipeline/boilercv_pipeline/stages/e230920_get_mae
      hash: md5
      md5: c8673f549af8000d300b9fdbed96cf81.dir
      size: 1861
      nfiles: 2
    outs:
    - path: data/e230920/mae
      hash: md5
      md5: d751713988987e9331980363e24189ce.dir
      size: 0
      nfiles: 0
  e230920_merge_mae:
    cmd: boilercv-pipeline stage e230920-merge-mae
    deps:
    - path: data/e230920/mae
      hash: md5
      md5: d751713988987e9331980363e24189ce.dir
      size: 0
      nfiles: 0
    - path: pipeline/boilercv_pipeline/stages/e230920_merge_mae
      hash: md5
      md5: adcd106424d3ff16e381ebf1c3c23408.dir
      size: 1856
      nfiles: 2
    outs:
    - path: data/e230920/merged_mae.h5
      hash: md5
      md5: d41d8cd98f00b204e9800998ecf8427e
      size: 0
  skip_cloud:
    cmd: pwsh -Command "./Invoke-Uv.ps1 boilercv-pipeline stage skip-cloud --scale
      1.3 --marker-scale 20.0 --precision 3 --display-rows 12"
    params:
      params.yaml:
        display_rows: 12
        marker_scale: 20.0
        precision: 3
        scale: 1.3
    outs:
    - path: data/cines
      hash: md5
      md5: e4d560c3ffae8d28dae3c8ddedbb3c18.dir
      size: 34034068416
      nfiles: 16
  get_thermal_data:
    cmd: pwsh -Command "./Invoke-Uv.ps1 boilercv-pipeline stage get-thermal-data --scale
      1.3 --marker-scale 20.0 --precision 3 --display-rows 12 --sample 2024-07-18T17-44-35
      --no-only-sample --no-load-src-from-outs"
    deps:
    - path: data/models
      hash: md5
      md5: 7a25324af9fa1cbe6d275790fe863840.dir
      size: 2866
      nfiles: 5
    - path: data/thermal
      hash: md5
      md5: 521a50f1b13ea3054b15ba293fde78a2.dir
      size: 1963983
      nfiles: 1
    - path: docs/notebooks/get_thermal_data.ipynb
      hash: md5
      md5: f10a82eda3e68449847f25adc2eaa422
      size: 9873
    - path: packages/pipeline/boilercv_pipeline/stages/get_thermal_data
      hash: md5
      md5: 72f8cc48c5718cd203f12644c6e62bae.dir
      size: 4238
      nfiles: 2
    params:
      params.yaml:
        display_rows: 12
        load_src_from_outs: --no-load-src-from-outs
        marker_scale: 20.0
        only_sample: --no-only-sample
        precision: 3
        sample: 2024-07-18T17-44-35
        scale: 1.3
    outs:
    - path: data/e230920/thermal.h5
      hash: md5
      md5: 4ee8d5c2e3483ae4c3c6627c90a22ca5
      size: 402343
    - path: data/e230920/thermal_plots/subcool.png
      hash: md5
      md5: e1a1749ca5b1aa5ba53752152e6d1522
      size: 458506
    - path: data/e230920/thermal_plots/subcool_superheat.png
      hash: md5
      md5: 78bc46dc8e79c4dc1ad1e1a13f4dc108
      size: 345847
    - path: data/e230920/thermal_plots/superheat.png
      hash: md5
      md5: c75438bf6c6db0bcfcd6c79a2048dbd5
      size: 507725
  find_objects:
    cmd: pwsh -Command "./Invoke-Uv.ps1 boilercv-pipeline stage find-objects --scale
      1.3 --marker-scale 20.0 --precision 3 --display-rows 12 --sample 2024-07-18T17-44-35
      --no-only-sample --frame-count 500 --frame-step 1 --compare-with-trackpy --guess-diameter
      21"
    deps:
    - path: data/contours
      hash: md5
      md5: da949dd69775b9cdeb57c297dbef53c0.dir
      size: 4427447588
      nfiles: 337
    - path: data/filled
      hash: md5
      md5: dd689eddfd2017e88d817ea549e22c2f.dir
      size: 3616770112
      nfiles: 337
    - path: docs/notebooks/find_objects.ipynb
      hash: md5
      md5: f791fb3393adc63b854cee4656050af9
      size: 12241
    - path: packages/pipeline/boilercv_pipeline/stages/find_objects
      hash: md5
      md5: ed0b89cee8cc94d872a1d15872f035eb.dir
      size: 6620
      nfiles: 2
    params:
      params.yaml:
        stage:
          scale: 1.3
          marker_scale: 20.0
          precision: 3
          display_rows: 12
          sample: 2024-07-18T17-44-35
          only_sample: --no-only-sample
          load_src_from_outs: --no-load-src-from-outs
          frame_count: 500
          frame_step: 1
          compare_with_trackpy: --compare-with-trackpy
          guess_diameter: 21
    outs:
    - path: data/e230920/objects
      hash: md5
      md5: 8a138f16a70b03bb23b95446179781e7.dir
      size: 60985113
      nfiles: 16
    - path: data/e230920/objects_plots/composite_2024-07-18T17-07-13.png
      hash: md5
      md5: 42de67744ceb485551013d0cf0789aa9
      size: 43899
    - path: data/e230920/objects_plots/composite_2024-07-18T17-14-14.png
      hash: md5
      md5: 481956c2688be151c2725cc3b8f79049
      size: 39607
    - path: data/e230920/objects_plots/composite_2024-07-18T17-19-12.png
      hash: md5
      md5: c76521dda332a1f914499b012e9a8d6f
      size: 33322
    - path: data/e230920/objects_plots/composite_2024-07-18T17-28-16.png
      hash: md5
      md5: fee4afdfc6e06c0544a9c8e459fc7761
      size: 34701
    - path: data/e230920/objects_plots/composite_2024-07-18T17-33-19.png
      hash: md5
      md5: 43666422a5c18621e8994a938c54c38a
      size: 44588
    - path: data/e230920/objects_plots/composite_2024-07-18T17-37-25.png
      hash: md5
      md5: a15fa73d194f2a84ac98e3942c492ff0
      size: 41347
    - path: data/e230920/objects_plots/composite_2024-07-18T17-44-35.png
      hash: md5
      md5: 470e4be368ecf438403122944fd6ed3e
      size: 48206
    - path: data/e230920/objects_plots/composite_2024-07-18T17-50-30.png
      hash: md5
      md5: b6f13ba9cc52825d2bda06f5e0aaff11
      size: 52902
    - path: data/e230920/objects_plots/composite_2024-07-18T18-04-05.png
      hash: md5
      md5: 3c88bd313430701872d79498c3a7380e
      size: 78831
    - path: data/e230920/objects_plots/composite_2024-07-18T18-08-58.png
      hash: md5
      md5: 4de9d8b69a8316c050aff51d6218ed62
      size: 65488
    - path: data/e230920/objects_plots/composite_2024-07-18T18-15-26.png
      hash: md5
      md5: 665b3e3a31e3321cdda79bf067c4d939
      size: 67690
    - path: data/e230920/objects_plots/composite_2024-07-18T18-21-28.png
      hash: md5
      md5: b5044c9eb5adb37a84bae5d357fa7a0b
      size: 58110
    - path: data/e230920/objects_plots/composite_2024-07-18T18-31-44.png
      hash: md5
      md5: 8ac4495eed1bca99cae9efee2a60e415
      size: 87843
    - path: data/e230920/objects_plots/composite_2024-07-18T18-36-37.png
      hash: md5
      md5: 138f08070939a7eaf3f42b4a20261db8
      size: 81567
    - path: data/e230920/objects_plots/composite_2024-07-18T18-40-58.png
      hash: md5
      md5: 8ff4af1391bdc5cdc3ad94e1a6fee41f
      size: 75631
    - path: data/e230920/objects_plots/composite_2024-07-18T18-49-55.png
      hash: md5
      md5: c8ac5cd5a92a88d6b7586be02bb97e48
      size: 69811
  get_mae:
    cmd: pwsh -Command "./Invoke-Uv.ps1 boilercv-pipeline stage get-mae --scale 1.3
      --marker-scale 20.0 --precision 3 --display-rows 12 --sample 2024-07-18T17-44-35
      --no-only-sample"
    deps:
    - path: data/e230920/thermal.h5
      hash: md5
      md5: b0c77f590bfca0a67b89c93968608ee5
      size: 402319
    - path: data/e230920/tracks
      hash: md5
      md5: 77d61d41eeee8ca0c3e6cb62ae6bcd72.dir
      size: 2997577
      nfiles: 1
    - path: docs/notebooks/get_mae.ipynb
      hash: md5
      md5: 6514068f5d2ea609f47c898845de8988
      size: 12691
    - path: packages/pipeline/boilercv_pipeline/stages/get_mae
      hash: md5
      md5: 225be5362d84b9cbdcccd74041719d9f.dir
      size: 3511
      nfiles: 2
    params:
      params.yaml:
        display_rows: 12
        marker_scale: 20.0
        only_sample: --no-only-sample
        precision: 3
        sample: 2024-07-18T17-44-35
        scale: 1.3
    outs:
    - path: data/e230920/mae
      hash: md5
      md5: d751713988987e9331980363e24189ce.dir
      size: 0
      nfiles: 0
