schema: '2.0'
stages:
  schema:
    cmd: python -m boilercv.stages.schema
    deps:
    - path: src/boilercv/models/paths.py
      md5: 1fb691e416d85285b69bdeed1f0199c3
      size: 5010
    - path: src/boilercv/stages/schema.py
      md5: 6eaac97ab24e94f410ccff1517f42d0e
      size: 641
    outs:
    - path: data/schema
      md5: 27d4da10420e152d39b1c80f7d5a1403.dir
      size: 7966
      nfiles: 1
  update_binarized_preview:
    cmd: python -m boilercv.stages.update_binarized_preview
    deps:
    - path: data/rois
      md5: 1300e5dce1774bdc91feb6365369c7d8.dir
      size: 186726548
      nfiles: 308
    - path: data/sources
      md5: a409ab9bcababc1baaea4dc53e312bda.dir
      size: 7424602696
      nfiles: 308
    - path: src/boilercv/stages/update_binarized_preview.py
      md5: 186799fb6a90ec27a63cb274e05eca54
      size: 1153
    outs:
    - path: data/previews/binarized.nc
      md5: 5598ee8b69f8591e2035194a9054f2c3
      size: 147879321
  preview_binarized:
    cmd: pwsh -Command './Invoke-Uv.ps1 boilercv-pipeline stage preview-binarized
      --scale 1.3 --marker-scale 20.0 --precision 3 --display-rows 12'
    deps:
    - path: data/rois
      hash: md5
      md5: e47325f1e13a630c356426538a3b8759.dir
      size: 205435895
      nfiles: 337
    - path: data/sources
      hash: md5
      md5: c2ba0be71deda61b9c6beca3aa7725c3.dir
      size: 7512414707
      nfiles: 336
    - path: packages/pipeline/boilercv_pipeline/stages/preview_binarized
      hash: md5
      md5: ae8fe0343f1bcd86aa473973875059a0.dir
      size: 2187
      nfiles: 2
    params:
      params.yaml:
        display_rows: 12
        marker_scale: 20.0
        precision: 3
        scale: 1.3
    outs:
    - path: data/previews/binarized_preview.nc
      hash: md5
      md5: ea5080f6e0420727276d1a713a5591a8
      size: 3526688
  contours:
    cmd: python -m boilercv.stages.contours
    deps:
    - path: data/sources
      md5: a409ab9bcababc1baaea4dc53e312bda.dir
      size: 7424602696
      nfiles: 308
    - path: src/boilercv/stages/contours.py
      md5: 2104838a50deea4958e9fb8a4c330110
      size: 3041
    outs:
    - path: data/contours
      md5: d43be95333c9df0e76d570f8b11aada2.dir
      size: 4279876062
      nfiles: 308
  fill:
    cmd: pwsh -Command "./Invoke-Uv.ps1 boilercv-pipeline stage fill --scale 1.3 --marker-scale
      20.0 --precision 3 --display-rows 12"
    deps:
    - path: data/contours
      hash: md5
      md5: da949dd69775b9cdeb57c297dbef53c0.dir
      size: 4427447588
      nfiles: 337
    - path: data/rois
      hash: md5
      md5: e47325f1e13a630c356426538a3b8759.dir
      size: 205435895
      nfiles: 337
    - path: data/sources
      hash: md5
      md5: c2ba0be71deda61b9c6beca3aa7725c3.dir
      size: 7512414707
      nfiles: 336
    - path: packages/pipeline/boilercv_pipeline/stages/fill
      hash: md5
      md5: 69f7a48b8baa9168ae6dd6d4fc7e4814.dir
      size: 2654
      nfiles: 2
    params:
      params.yaml:
        display_rows: 12
        marker_scale: 20.0
        precision: 3
        scale: 1.3
    outs:
    - path: data/filled
      hash: md5
      md5: dd689eddfd2017e88d817ea549e22c2f.dir
      size: 3616770112
      nfiles: 337
  update_filled_preview:
    cmd: python -m boilercv.stages.update_filled_preview
    deps:
    - path: data/filled
      md5: 9d9b406833ae3911940fd4d717bb20e1.dir
      size: 3482532424
      nfiles: 308
    - path: src/boilercv/stages/update_filled_preview.py
      md5: 2b467aa2304c045ab9acd4a3c429dd39
      size: 1273
    outs:
    - path: data/previews/filled.nc
      md5: 913c0dca978f8f3ff088adb765bf8029
      size: 147879321
  check_cv:
    cmd: python -m boilercv.stages.check_cv
    deps:
    - path: data/samples
      md5: 2039f3ac1b4df1e9059cfb4d74b8c1db.dir
      size: 22147287
      nfiles: 113
    - path: src/boilercv/stages/check_cv.py
      md5: fb029ebceb5076c48f032c9b2ae3da1e
      size: 97
  binarized_preview:
    cmd: python -m boilercv.stages.update_previews.binarized
    deps:
    - path: data/rois
      md5: 1300e5dce1774bdc91feb6365369c7d8.dir
      size: 186726548
      nfiles: 308
    - path: data/sources
      md5: a409ab9bcababc1baaea4dc53e312bda.dir
      size: 7424602696
      nfiles: 308
    - path: src/boilercv/stages/update_previews/binarized.py
      md5: 0c528f648e4975729f1642c77e3ae15e
      size: 835
    outs:
    - path: data/previews/binarized.nc
      md5: a254f85beabe041bf6c4b0820024465d
      size: 3446443
  gray_preview:
    cmd: python -m boilercv.stages.update_previews.gray
    deps:
    - path: data/sources
      md5: a409ab9bcababc1baaea4dc53e312bda.dir
      size: 7424602696
      nfiles: 308
    - path: src/boilercv/stages/update_previews/gray.py
      md5: 089e35a18791e628d5bcd75e7fdca100
      size: 768
    outs:
    - path: data/previews/gray.nc
      md5: bca01dd9d72e5a7c25db766c5522652e
      size: 18686615
  filled_preview:
    cmd: python -m boilercv.stages.update_previews.filled
    deps:
    - path: data/filled
      md5: 9d9b406833ae3911940fd4d717bb20e1.dir
      size: 3482532424
      nfiles: 308
    - path: data/sources
      md5: a409ab9bcababc1baaea4dc53e312bda.dir
      size: 7424602696
      nfiles: 308
    - path: src/boilercv/stages/update_previews/filled.py
      md5: 879e5a5452d1e5ecc5dfaa79789f3840
      size: 767
    outs:
    - path: data/previews/filled.nc
      md5: f3596d4b5c08d8701b7630f1136c45aa
      size: 1661392
  unobstructed:
    cmd: python -m boilercv.stages.unobstructed
    deps:
    - path: data/contours
      md5: d43be95333c9df0e76d570f8b11aada2.dir
      size: 4279876062
      nfiles: 308
    - path: src/boilercv/stages/unobstructed.py
      md5: 1ac8ebbe39d30d3208f1357f45db0191
      size: 72
    outs:
    - path: data/unobstructed
      md5: d751713988987e9331980363e24189ce.dir
      size: 0
      nfiles: 0
  tracks:
    cmd: python -m boilercv.stages.tracks
    deps:
    - path: data/unobstructed
      md5: d751713988987e9331980363e24189ce.dir
      size: 0
      nfiles: 0
    - path: src/boilercv/stages/tracks.py
      md5: 62e86ce4b840b2f318431b628fd629b9
      size: 22
    outs:
    - path: data/tracks
      md5: d751713988987e9331980363e24189ce.dir
      size: 0
      nfiles: 0
  correlations:
    cmd: python -m boilercv.stages.correlations
    deps:
    - path: src/boilercv/stages/correlations.py
      md5: 6dc3104f27c37113ff04c12d4fa15a18
      size: 62
    outs:
    - path: data/correlations
      md5: d751713988987e9331980363e24189ce.dir
      size: 0
      nfiles: 0
  lifetimes:
    cmd: python -m boilercv.stages.lifetimes
    deps:
    - path: data/correlations
      md5: d751713988987e9331980363e24189ce.dir
      size: 0
      nfiles: 0
    - path: data/tracks
      md5: d751713988987e9331980363e24189ce.dir
      size: 0
      nfiles: 0
    - path: src/boilercv/stages/lifetimes.py
      md5: a0e078277617753ae38f0229ac783a1d
      size: 64
    outs:
    - path: data/lifetimes
      md5: d751713988987e9331980363e24189ce.dir
      size: 0
      nfiles: 0
  find_contours:
    cmd: pwsh -Command "./Invoke-Uv.ps1 boilercv-pipeline stage find-contours --scale
      1.3 --marker-scale 20.0 --precision 3 --display-rows 12"
    deps:
    - path: data/rois
      hash: md5
      md5: e47325f1e13a630c356426538a3b8759.dir
      size: 205435895
      nfiles: 337
    - path: data/sources
      hash: md5
      md5: c2ba0be71deda61b9c6beca3aa7725c3.dir
      size: 7512414707
      nfiles: 336
    - path: packages/pipeline/boilercv_pipeline/stages/find_contours
      hash: md5
      md5: f4e417222bdd605d20c8aad7a59ba068.dir
      size: 4342
      nfiles: 2
    params:
      params.yaml:
        display_rows: 12
        marker_scale: 20.0
        precision: 3
        scale: 1.3
    outs:
    - path: data/contours
      hash: md5
      md5: da949dd69775b9cdeb57c297dbef53c0.dir
      size: 4427447588
      nfiles: 337
  preview_filled:
    cmd: pwsh -Command './Invoke-Uv.ps1 boilercv-pipeline stage preview-filled --scale
      1.3 --marker-scale 20.0 --precision 3 --display-rows 12'
    deps:
    - path: data/filled
      hash: md5
      md5: dd689eddfd2017e88d817ea549e22c2f.dir
      size: 3616770112
      nfiles: 337
    - path: data/rois
      hash: md5
      md5: e47325f1e13a630c356426538a3b8759.dir
      size: 205435895
      nfiles: 337
    - path: packages/pipeline/boilercv_pipeline/stages/preview_filled
      hash: md5
      md5: 8aae2e0505e9d78ccaecd7eb95ccb358.dir
      size: 2091
      nfiles: 2
    params:
      params.yaml:
        display_rows: 12
        marker_scale: 20.0
        precision: 3
        scale: 1.3
    outs:
    - path: data/previews/filled_preview.nc
      hash: md5
      md5: e43b9ddb4ad1ad6a3a1603996604e599
      size: 1693748
  preview_gray:
    cmd: pwsh -Command './Invoke-Uv.ps1 boilercv-pipeline stage preview-gray --scale
      1.3 --marker-scale 20.0 --precision 3 --display-rows 12'
    deps:
    - path: data/large_sources
      hash: md5
      md5: 658d0528ed596161c3a269f67587f41f.dir
      size: 30563612808
      nfiles: 17
    - path: packages/pipeline/boilercv_pipeline/stages/preview_gray
      hash: md5
      md5: 6d233f9b8e3636afcb13581e8a8fd912.dir
      size: 1899
      nfiles: 2
    params:
      params.yaml:
        display_rows: 12
        marker_scale: 20.0
        precision: 3
        scale: 1.3
    outs:
    - path: data/previews/gray_preview.nc
      hash: md5
      md5: 55ca0f81794bd1344fd688bcb78a4091
      size: 186409
  find_unobstructed:
    cmd: python pipeline/boilercv_pipeline/stages/find_unobstructed.py
    deps:
    - path: data/contours
      hash: md5
      md5: 580c3168f9cf0ab979bb776cc14341ac.dir
      size: 4429746285
      nfiles: 338
    - path: pipeline/boilercv_pipeline/stages/find_unobstructed.py
      hash: md5
      md5: 610f35980e37e6c97dd7bb78829ea518
      size: 259
    outs:
    - path: data/unobstructed
      hash: md5
      md5: d86b284d61c0341668c7594a76e10ec3.dir
      size: 0
      nfiles: 1
  find_tracks:
    cmd: boilercv-pipeline stage find-tracks
    deps:
    - path: data/e230920/objects
      hash: md5
      md5: 46b7dd2d90b6fcae1206288c399abd77.dir
      size: 4086247
      nfiles: 1
    - path: data/e230920/thermal.h5
      hash: md5
      md5: 3e84af170f6a5488f1a0df96fb4d3f1e
      size: 402330
    - path: data/filled
      hash: md5
      md5: dd689eddfd2017e88d817ea549e22c2f.dir
      size: 3616770112
      nfiles: 337
    - path: docs/notebooks/find_tracks.ipynb
      hash: md5
      md5: f461cffab14865970f2314c223881be9
      size: 19187
    - path: pipeline/boilercv_pipeline/stages/find_tracks
      hash: md5
      md5: 74a418db57369612d9ffc257650233c7.dir
      size: 6123
      nfiles: 2
    outs:
    - path: data/e230920/tracks
      hash: md5
      md5: 77d61d41eeee8ca0c3e6cb62ae6bcd72.dir
      size: 2997577
      nfiles: 1
    - path: data/e230920/tracks_plots/corr.png
      hash: md5
      md5: de78422caf56dce4a7caa1438670ee30
      size: 345726
    - path: data/e230920/tracks_plots/multi.png
      hash: md5
      md5: 3453f3452d1ae3c91f633415510d231c
      size: 219370
  compare_theory:
    cmd: python pipeline/boilercv_pipeline/stages/compare_theory.py
    deps:
    - path: data/tracks
      hash: md5
      md5: 3224c01679660267629b93a0a66c9d22.dir
      size: 0
      nfiles: 1
    - path: pipeline/boilercv_pipeline/stages/compare_theory.py
      hash: md5
      md5: 73831a23237722b5dddc5a9138749085
      size: 242
    outs:
    - path: data/lifetimes
      hash: md5
      md5: 6829db6b84ef3bde25e2085ed7be0a4e.dir
      size: 0
      nfiles: 1
  temp:
    cmd: echo hello
  build_docs:
    cmd: python src/boilercv/stages/build_docs.py
    deps:
    - path: .tools/scripts/Build-Docs.ps1
      hash: md5
      md5: b5b385bb299a24f9854e97b3b30fb34b
      size: 1887
    - path: data/docs
      hash: md5
      md5: 4a70076a208c39bf16e99e7539f7c2e4.dir
      size: 2903782
      nfiles: 8
    - path: src/boilercv/stages/build_docs.py
      hash: md5
      md5: cd9cb49e5a73126576ab897d03a05a08
      size: 761
  clear_docx:
    cmd: "pwsh -Command \"New-Item data/docx -ItemType Directory\"\n"
    outs:
    - path: data/docx
      hash: md5
      md5: d751713988987e9331980363e24189ce.dir
      size: 0
      nfiles: 0
  generate_reports:
    cmd: python src/boilercv/stages/generate_reports.py
    deps:
    - path: data/notebooks
      hash: md5
      md5: c02692b003dfa130fce1b9fc88a4b51a.dir
      size: 2840942
      nfiles: 11
  generate_experiment_docs:
    cmd: python src/boilercv/stages/generate_experiment_docs.py
    deps:
    - path: src/boilercv/stages/experiments
      hash: md5
      md5: a6b74e4a0cf19c633775199ea9fc2398.dir
      size: 10710
      nfiles: 7
  binarize:
    cmd: pwsh -Command "./Invoke-Uv.ps1 boilercv-pipeline stage binarize --scale 1.3
      --marker-scale 20.0 --precision 3 --display-rows 12"
    deps:
    - path: data/large_sources
      hash: md5
      md5: 658d0528ed596161c3a269f67587f41f.dir
      size: 30563612808
      nfiles: 17
    - path: packages/pipeline/boilercv_pipeline/stages/binarize
      hash: md5
      md5: 64871657d69f0bb21d960035804a5864.dir
      size: 2403
      nfiles: 2
    params:
      params.yaml:
        display_rows: 12
        marker_scale: 20.0
        precision: 3
        scale: 1.3
    outs:
    - path: data/rois
      hash: md5
      md5: e47325f1e13a630c356426538a3b8759.dir
      size: 205435895
      nfiles: 337
    - path: data/sources
      hash: md5
      md5: c2ba0be71deda61b9c6beca3aa7725c3.dir
      size: 7512414707
      nfiles: 336
  convert:
    cmd: pwsh -Command "./Invoke-Uv.ps1 boilercv-pipeline stage convert --scale 1.3
      --marker-scale 20.0 --precision 3 --display-rows 12"
    deps:
    - path: data/cines
      hash: md5
      md5: e4d560c3ffae8d28dae3c8ddedbb3c18.dir
      size: 34034068416
      nfiles: 16
    - path: packages/pipeline/boilercv_pipeline/stages/convert
      hash: md5
      md5: 99214c98baf7a19f9b22fc664a568069.dir
      size: 2269
      nfiles: 2
    params:
      params.yaml:
        display_rows: 12
        marker_scale: 20.0
        precision: 3
        scale: 1.3
    outs:
    - path: data/large_sources
      hash: md5
      md5: 658d0528ed596161c3a269f67587f41f.dir
      size: 30563612808
      nfiles: 17
  flatten_data_dir:
    cmd: boilercv_pipeline stages flatten-data-dir
    deps:
    - path: data/hierarchical_data
      hash: md5
      md5: 6ffbaaad7b4ac6e1afabed19a80b2560.dir
      size: 0
      nfiles: 1
  e230920_update_thermal_data:
    cmd: boilercv-pipeline stage e230920-update-thermal-data
    deps:
    - path: data/e230920/thermal_raw.csv
      hash: md5
      md5: d41d8cd98f00b204e9800998ecf8427e
      size: 0
    - path: docs/notebooks/e230920_get_thermal_data.ipynb
      hash: md5
      md5: 7d031f1ec18637fdedbe55103bac75dd
      size: 3996
    - path: pipeline/boilercv_pipeline/stages/e230920_get_thermal_data
      hash: md5
      md5: 9b61c0cbab32b545d62fbe3e15a8c069.dir
      size: 1515
      nfiles: 2
    outs:
    - path: data/e230920/thermal.h5
      hash: md5
      md5: d41d8cd98f00b204e9800998ecf8427e
      size: 0
  e230920_find_contours:
    cmd: boilercv-pipeline stage e230920-find-contours
    deps:
    - path: data/contours
      hash: md5
      md5: 580c3168f9cf0ab979bb776cc14341ac.dir
      size: 4429746285
      nfiles: 338
    - path: pipeline/boilercv_pipeline/stages/e230920_find_contours
      hash: md5
      md5: ae40fd982c8dd4b588e94dbb6bf3bbda.dir
      size: 1760
      nfiles: 2
    outs:
    - path: data/e230920/contours
      hash: md5
      md5: 3a2ee8e6557ddaf6863fb775e9d6e96d.dir
      size: 4952829
      nfiles: 1
  e230920_find_objects:
    cmd: boilercv-pipeline stage e230920-find-objects
    deps:
    - path: data/e230920/contours
      hash: md5
      md5: 3a2ee8e6557ddaf6863fb775e9d6e96d.dir
      size: 4952829
      nfiles: 1
    - path: docs/notebooks/e230920_find_objects.ipynb
      hash: md5
      md5: 0267d44ee4b86261eb29d315566472b6
      size: 9263
    - path: pipeline/boilercv_pipeline/stages/e230920_find_objects
      hash: md5
      md5: 3459093a1d3c2c8fd18c96e3f1abd3f9.dir
      size: 1938
      nfiles: 2
    outs:
    - path: data/e230920/objects
      hash: md5
      md5: 66999f56d1c941db5759ef90fea0f819.dir
      size: 23387
      nfiles: 1
  e230920_find_tracks:
    cmd: boilercv-pipeline stage e230920-find-tracks
    deps:
    - path: data/e230920/objects
      hash: md5
      md5: 66999f56d1c941db5759ef90fea0f819.dir
      size: 23387
      nfiles: 1
    - path: docs/notebooks/e230920_find_tracks.ipynb
      hash: md5
      md5: 08a33f7c1ee4c7a9e9cf975757f20be6
      size: 6885
    - path: pipeline/boilercv_pipeline/stages/e230920_find_tracks
      hash: md5
      md5: f0f03e2e6b98343fedd1c7062993f8c8.dir
      size: 1887
      nfiles: 2
    outs:
    - path: data/e230920/tracks
      hash: md5
      md5: 7928af79ae134ab997ec4658d2c503cb.dir
      size: 33326
      nfiles: 1
  e230920_process_tracks:
    cmd: boilercv-pipeline stage e230920-process-tracks
    deps:
    - path: data/e230920/tracks
      hash: md5
      md5: 7928af79ae134ab997ec4658d2c503cb.dir
      size: 33326
      nfiles: 1
    - path: docs/notebooks/e230920_process_tracks.ipynb
      hash: md5
      md5: 82c7b9f6479b2a7f85b8fc387fb6ca84
      size: 8616
    - path: pipeline/boilercv_pipeline/stages/e230920_process_tracks
      hash: md5
      md5: 93a317c61ae0ae397df6bb479ea85825.dir
      size: 1971
      nfiles: 2
    outs:
    - path: data/e230920/processed_tracks
      hash: md5
      md5: d751713988987e9331980363e24189ce.dir
      size: 0
      nfiles: 0
  e230920_merge_tracks:
    cmd: boilercv-pipeline stage e230920-merge-tracks
    deps:
    - path: data/e230920/processed_tracks
      hash: md5
      md5: d751713988987e9331980363e24189ce.dir
      size: 0
      nfiles: 0
    - path: pipeline/boilercv_pipeline/stages/e230920_merge_tracks
      hash: md5
      md5: 5fd2253c62b2c82114ae3bb19ffd3312.dir
      size: 1697
      nfiles: 2
    outs:
    - path: data/e230920/merged_tracks.h5
      hash: md5
      md5: d41d8cd98f00b204e9800998ecf8427e
      size: 0
  e230920_plot_tracks:
    cmd: boilercv-pipeline stage e230920-plot-tracks
    deps:
    - path: data/e230920/merged_tracks.h5
      hash: md5
      md5: d41d8cd98f00b204e9800998ecf8427e
      size: 0
    - path: docs/notebooks/e230920_plot_tracks.ipynb
      hash: md5
      md5: ffa3a35525c6943c49e75368075958fd
      size: 24131
    - path: pipeline/boilercv_pipeline/stages/e230920_plot_tracks
      hash: md5
      md5: e43230ed923894ceb6c5678b58a949b8.dir
      size: 2539
      nfiles: 2
  e230920_get_mae:
    cmd: boilercv-pipeline stage e230920-get-mae
    deps:
    - path: data/e230920/processed_tracks
      hash: md5
      md5: d751713988987e9331980363e24189ce.dir
      size: 0
      nfiles: 0
    - path: docs/notebooks/e230920_get_mae.ipynb
      hash: md5
      md5: ec8d0a82fa37bc3ee48359d2a959d544
      size: 13351
    - path: pipeline/boilercv_pipeline/stages/e230920_get_mae
      hash: md5
      md5: c8673f549af8000d300b9fdbed96cf81.dir
      size: 1861
      nfiles: 2
    outs:
    - path: data/e230920/mae
      hash: md5
      md5: d751713988987e9331980363e24189ce.dir
      size: 0
      nfiles: 0
  e230920_merge_mae:
    cmd: boilercv-pipeline stage e230920-merge-mae
    deps:
    - path: data/e230920/mae
      hash: md5
      md5: d751713988987e9331980363e24189ce.dir
      size: 0
      nfiles: 0
    - path: pipeline/boilercv_pipeline/stages/e230920_merge_mae
      hash: md5
      md5: adcd106424d3ff16e381ebf1c3c23408.dir
      size: 1856
      nfiles: 2
    outs:
    - path: data/e230920/merged_mae.h5
      hash: md5
      md5: d41d8cd98f00b204e9800998ecf8427e
      size: 0
  skip_cloud:
    cmd: pwsh -Command "./Invoke-Uv.ps1 boilercv-pipeline stage skip-cloud --scale
      1.3 --marker-scale 20.0 --precision 3 --display-rows 12"
    params:
      params.yaml:
        display_rows: 12
        marker_scale: 20.0
        precision: 3
        scale: 1.3
    outs:
    - path: data/cines
      hash: md5
      md5: e4d560c3ffae8d28dae3c8ddedbb3c18.dir
      size: 34034068416
      nfiles: 16
  get_thermal_data:
    cmd: pwsh -Command './Invoke-Uv.ps1 boilercv-pipeline stage get-thermal-data --scale
      1.3 --marker-scale 20.0 --precision 3 --display-rows 12 --sample 2024-07-18T17-44-35
      --no-only-sample --no-load-src-from-outs'
    deps:
    - path: data/models
      hash: md5
      md5: 759709ce0302a08c7455b8e9ab836412.dir
      size: 2870
      nfiles: 5
    - path: data/thermal
      hash: md5
      md5: 521a50f1b13ea3054b15ba293fde78a2.dir
      size: 1963983
      nfiles: 1
    - path: docs/notebooks/get_thermal_data.ipynb
      hash: md5
      md5: 6b1e8d5af8b8199737ec7093a13ccc7c
      size: 9690
    - path: packages/pipeline/boilercv_pipeline/stages/get_thermal_data
      hash: md5
      md5: 7625521f4ac912e9d2379f107d366e7a.dir
      size: 4141
      nfiles: 2
    params:
      params.yaml:
        display_rows: 12
        load_src_from_outs: --no-load-src-from-outs
        marker_scale: 20.0
        only_sample: --no-only-sample
        precision: 3
        sample: 2024-07-18T17-44-35
        scale: 1.3
    outs:
    - path: data/e230920/thermal.h5
      hash: md5
      md5: 8cdad51ed780e66499be72ec5a89d743
      size: 402324
  find_objects:
    cmd: pwsh -Command "./Invoke-Uv.ps1 boilercv-pipeline stage find-objects --scale
      1.3 --marker-scale 20.0 --precision 3 --display-rows 12 --sample 2024-07-18T17-44-35
      --no-only-sample --frame-count 10 --frame-step 100 --no-compare-with-trackpy
      --guess-diameter 21"
    deps:
    - path: data/contours
      hash: md5
      md5: da949dd69775b9cdeb57c297dbef53c0.dir
      size: 4427447588
      nfiles: 337
    - path: data/filled
      hash: md5
      md5: dd689eddfd2017e88d817ea549e22c2f.dir
      size: 3616770112
      nfiles: 337
    - path: docs/notebooks/find_objects.ipynb
      hash: md5
      md5: d083cb741cc7c71a58f36c7ad9476e87
      size: 10835
    - path: packages/pipeline/boilercv_pipeline/stages/find_objects
      hash: md5
      md5: ba29d3a7e5acd9a0f31d47a742d67f91.dir
      size: 6331
      nfiles: 2
    params:
      params.yaml:
        compare_with_trackpy: --no-compare-with-trackpy
        display_rows: 12
        frame_count: 10
        frame_step: 100
        guess_diameter: 21
        marker_scale: 20.0
        only_sample: --no-only-sample
        precision: 3
        sample: 2024-07-18T17-44-35
        scale: 1.3
    outs:
    - path: data/e230920/objects
      hash: md5
      md5: 3f5fa16e10ec3ad98467d1e79ebfd722.dir
      size: 2749441
      nfiles: 16
    - path: data/e230920/objects_plots/composite_2024-07-18T17-07-13.png
      hash: md5
      md5: 06bd088d8a60f4843c07b49e492d937a
      size: 42121
    - path: data/e230920/objects_plots/composite_2024-07-18T17-14-14.png
      hash: md5
      md5: e9370f9e71733cb0892dcbb26585e334
      size: 36911
    - path: data/e230920/objects_plots/composite_2024-07-18T17-19-12.png
      hash: md5
      md5: e46ca3e1633db1f9f9cdad81d1f6d129
      size: 30255
    - path: data/e230920/objects_plots/composite_2024-07-18T17-28-16.png
      hash: md5
      md5: 7f9cde37b9e008269020a6093b931445
      size: 30234
    - path: data/e230920/objects_plots/composite_2024-07-18T17-33-19.png
      hash: md5
      md5: a747d9123ccddf782c961a59aefa102c
      size: 37209
    - path: data/e230920/objects_plots/composite_2024-07-18T17-37-25.png
      hash: md5
      md5: 55582c052b66b636eab8efe0b004e2a2
      size: 40707
    - path: data/e230920/objects_plots/composite_2024-07-18T17-44-35.png
      hash: md5
      md5: e22dfc8223b69551d15cfc48e7c4cf91
      size: 43102
    - path: data/e230920/objects_plots/composite_2024-07-18T17-50-30.png
      hash: md5
      md5: d7ebdc163c9e3a0ebf381b5eb5af4c23
      size: 48977
    - path: data/e230920/objects_plots/composite_2024-07-18T18-04-05.png
      hash: md5
      md5: c41190ef186507886cad72eb67b830cf
      size: 76211
    - path: data/e230920/objects_plots/composite_2024-07-18T18-08-58.png
      hash: md5
      md5: 20e7b7dfed4d813dc7cda6dc3f536aed
      size: 68868
    - path: data/e230920/objects_plots/composite_2024-07-18T18-15-26.png
      hash: md5
      md5: d69c9e965145b5989aab458b6624c7cb
      size: 71076
    - path: data/e230920/objects_plots/composite_2024-07-18T18-21-28.png
      hash: md5
      md5: 784f0cf8f0f28576e5af6cbcbaed495f
      size: 53858
    - path: data/e230920/objects_plots/composite_2024-07-18T18-31-44.png
      hash: md5
      md5: 5847ae53d14eae3290b1987fafd2bf32
      size: 100519
    - path: data/e230920/objects_plots/composite_2024-07-18T18-36-37.png
      hash: md5
      md5: f502d60c89d7fdb5b0b8723e2957bc20
      size: 86837
    - path: data/e230920/objects_plots/composite_2024-07-18T18-40-58.png
      hash: md5
      md5: 3fdb8775a52e79dbec4f9ee2a027db12
      size: 80657
    - path: data/e230920/objects_plots/composite_2024-07-18T18-49-55.png
      hash: md5
      md5: 56a489d5b15601c121da29ddeab04144
      size: 71870
  get_mae:
    cmd: boilercv-pipeline stage get-mae
    deps:
    - path: data/e230920/thermal.h5
      hash: md5
      md5: 3e84af170f6a5488f1a0df96fb4d3f1e
      size: 402330
    - path: data/e230920/tracks
      hash: md5
      md5: 77d61d41eeee8ca0c3e6cb62ae6bcd72.dir
      size: 2997577
      nfiles: 1
    - path: docs/notebooks/get_mae.ipynb
      hash: md5
      md5: eb8b160aafda0f80884cbb6c13e895f2
      size: 12723
    - path: pipeline/boilercv_pipeline/stages/get_mae
      hash: md5
      md5: dc4ffbeb0ff9f1abfaaf12bef3e4c95d.dir
      size: 3368
      nfiles: 2
    outs:
    - path: data/e230920/mae
      hash: md5
      md5: d751713988987e9331980363e24189ce.dir
      size: 0
      nfiles: 0
